// !$*UTF8*$!
{
	archiveVersion = 1;
	classes = {
	};
	objectVersion = 46;
	objects = {

/* Begin PBXBuildFile section */
		D10DE39F1FBD926600EC07F2 /* CXProxy.swift in Sources */ = {isa = PBXBuildFile; fileRef = D10DE39E1FBD926600EC07F2 /* CXProxy.swift */; };
		D111F8B51FC55CEF000F4EF7 /* CXFlyweight.swift in Sources */ = {isa = PBXBuildFile; fileRef = D111F8B41FC55CEF000F4EF7 /* CXFlyweight.swift */; };
		D111F8B71FC57179000F4EF7 /* CXBridge.swift in Sources */ = {isa = PBXBuildFile; fileRef = D111F8B61FC57179000F4EF7 /* CXBridge.swift */; };
		D11BAAAC1F33277500E21DF8 /* CXBlockViewController.swift in Sources */ = {isa = PBXBuildFile; fileRef = D11BAAAB1F33277500E21DF8 /* CXBlockViewController.swift */; };
		D12317FE1FE75F1C008D0F77 /* CXMVCUserViewController.swift in Sources */ = {isa = PBXBuildFile; fileRef = D12317FD1FE75F1C008D0F77 /* CXMVCUserViewController.swift */; };
		D12318011FE767B5008D0F77 /* CXMVCUserInfoViewController.swift in Sources */ = {isa = PBXBuildFile; fileRef = D12317FF1FE767B5008D0F77 /* CXMVCUserInfoViewController.swift */; };
		D12318021FE767B5008D0F77 /* CXMVCUserInfoViewController.xib in Resources */ = {isa = PBXBuildFile; fileRef = D12318001FE767B5008D0F77 /* CXMVCUserInfoViewController.xib */; };
		D12318041FE76D55008D0F77 /* CXMVCUser.swift in Sources */ = {isa = PBXBuildFile; fileRef = D12318031FE76D55008D0F77 /* CXMVCUser.swift */; };
		D12318061FE7919D008D0F77 /* CXMVCBlogViewController.swift in Sources */ = {isa = PBXBuildFile; fileRef = D12318051FE7919D008D0F77 /* CXMVCBlogViewController.swift */; };
		D12318091FE79920008D0F77 /* CXMVCBlogTableViewCell.swift in Sources */ = {isa = PBXBuildFile; fileRef = D12318071FE79920008D0F77 /* CXMVCBlogTableViewCell.swift */; };
		D123180A1FE79920008D0F77 /* CXMVCBlogTableViewCell.xib in Resources */ = {isa = PBXBuildFile; fileRef = D12318081FE79920008D0F77 /* CXMVCBlogTableViewCell.xib */; };
		D123180C1FE7A533008D0F77 /* CXMVCBlog.swift in Sources */ = {isa = PBXBuildFile; fileRef = D123180B1FE7A533008D0F77 /* CXMVCBlog.swift */; };
		D123180E1FE7A69B008D0F77 /* CXMVCBlogCellHelper.swift in Sources */ = {isa = PBXBuildFile; fileRef = D123180D1FE7A69B008D0F77 /* CXMVCBlogCellHelper.swift */; };
		D146F2ED1FC17C660014F0F2 /* CXDecorator.swift in Sources */ = {isa = PBXBuildFile; fileRef = D146F2EC1FC17C660014F0F2 /* CXDecorator.swift */; };
		D15059DB1FC674620084DC0C /* CXStrategy.swift in Sources */ = {isa = PBXBuildFile; fileRef = D15059DA1FC674620084DC0C /* CXStrategy.swift */; };
		D15059DD1FC6A9C80084DC0C /* CXResponsibility.swift in Sources */ = {isa = PBXBuildFile; fileRef = D15059DC1FC6A9C80084DC0C /* CXResponsibility.swift */; };
		D15059DF1FC6BF3F0084DC0C /* CXCommand.swift in Sources */ = {isa = PBXBuildFile; fileRef = D15059DE1FC6BF3F0084DC0C /* CXCommand.swift */; };
		D162DA801FB05D5000B8886A /* CXSingleton.swift in Sources */ = {isa = PBXBuildFile; fileRef = D162DA7F1FB05D5000B8886A /* CXSingleton.swift */; };
		D162DAA21FB1AA5C00B8886A /* CXFactory.swift in Sources */ = {isa = PBXBuildFile; fileRef = D162DAA11FB1AA5C00B8886A /* CXFactory.swift */; };
		D162DAA41FB1AFE100B8886A /* CXTempViewController.swift in Sources */ = {isa = PBXBuildFile; fileRef = D162DAA31FB1AFE100B8886A /* CXTempViewController.swift */; };
		D162DAC41FB4AD8B00B8886A /* CXDesignViewController.swift in Sources */ = {isa = PBXBuildFile; fileRef = D162DAC31FB4AD8B00B8886A /* CXDesignViewController.swift */; };
		D162DAC61FB584FC00B8886A /* CXBaseViewController.swift in Sources */ = {isa = PBXBuildFile; fileRef = D162DAC51FB584FC00B8886A /* CXBaseViewController.swift */; };
		D16772251FBAE31F0076D0D1 /* CXPrototype.swift in Sources */ = {isa = PBXBuildFile; fileRef = D16772241FBAE31F0076D0D1 /* CXPrototype.swift */; };
		D1728F9F1FC8012E007B8ED4 /* CXMediator.swift in Sources */ = {isa = PBXBuildFile; fileRef = D1728F9E1FC8012E007B8ED4 /* CXMediator.swift */; };
		D1728FA11FC80F7A007B8ED4 /* CXTemplate.swift in Sources */ = {isa = PBXBuildFile; fileRef = D1728FA01FC80F7A007B8ED4 /* CXTemplate.swift */; };
		D1728FA31FC81A64007B8ED4 /* CXIterator.swift in Sources */ = {isa = PBXBuildFile; fileRef = D1728FA21FC81A64007B8ED4 /* CXIterator.swift */; };
		D177B5C01FC4093B00214E62 /* CXFacade.swift in Sources */ = {isa = PBXBuildFile; fileRef = D177B5BF1FC4093B00214E62 /* CXFacade.swift */; };
		D177B5C21FC479C900214E62 /* CXComposite.swift in Sources */ = {isa = PBXBuildFile; fileRef = D177B5C11FC479C900214E62 /* CXComposite.swift */; };
		D18748311F04F8000029B787 /* CollectionViewController.swift in Sources */ = {isa = PBXBuildFile; fileRef = D18748301F04F8000029B787 /* CollectionViewController.swift */; };
		D188A0DD1F95FDC5007800A3 /* BasicViewController.swift in Sources */ = {isa = PBXBuildFile; fileRef = D188A0DC1F95FDC5007800A3 /* BasicViewController.swift */; };
		D18BA6FA1F4C73EE007ED286 /* CXLocationViewController.swift in Sources */ = {isa = PBXBuildFile; fileRef = D18BA6F91F4C73EE007ED286 /* CXLocationViewController.swift */; };
		D1A4EEC21FD4FA1400C96F82 /* CXMVCViewController.swift in Sources */ = {isa = PBXBuildFile; fileRef = D1A4EEC11FD4FA1400C96F82 /* CXMVCViewController.swift */; };
		D1A4EEC41FD4FA3400C96F82 /* CXSimpleMVCController.swift in Sources */ = {isa = PBXBuildFile; fileRef = D1A4EEC31FD4FA3400C96F82 /* CXSimpleMVCController.swift */; };
		D1A533131FB94EBE00C801EA /* CXBuilder.swift in Sources */ = {isa = PBXBuildFile; fileRef = D1A533121FB94EBE00C801EA /* CXBuilder.swift */; };
		D1BA483B1E9E258D00B4DA26 /* AppDelegate.swift in Sources */ = {isa = PBXBuildFile; fileRef = D1BA483A1E9E258D00B4DA26 /* AppDelegate.swift */; };
		D1BA483D1E9E258D00B4DA26 /* ViewController.swift in Sources */ = {isa = PBXBuildFile; fileRef = D1BA483C1E9E258D00B4DA26 /* ViewController.swift */; };
		D1BA48401E9E258D00B4DA26 /* Main.storyboard in Resources */ = {isa = PBXBuildFile; fileRef = D1BA483E1E9E258D00B4DA26 /* Main.storyboard */; };
		D1BA48421E9E258D00B4DA26 /* Assets.xcassets in Resources */ = {isa = PBXBuildFile; fileRef = D1BA48411E9E258D00B4DA26 /* Assets.xcassets */; };
		D1BA48451E9E258D00B4DA26 /* LaunchScreen.storyboard in Resources */ = {isa = PBXBuildFile; fileRef = D1BA48431E9E258D00B4DA26 /* LaunchScreen.storyboard */; };
		D1D4C7021FCD4D1A00F07A51 /* CXVisitor.swift in Sources */ = {isa = PBXBuildFile; fileRef = D1D4C7011FCD4D1A00F07A51 /* CXVisitor.swift */; };
		D1D5B26D1FC31F8B001AA6DC /* CXAdapter.swift in Sources */ = {isa = PBXBuildFile; fileRef = D1D5B26C1FC31F8B001AA6DC /* CXAdapter.swift */; };
		D1E989101FCE4C8500364407 /* CXObserver.swift in Sources */ = {isa = PBXBuildFile; fileRef = D1E9890F1FCE4C8500364407 /* CXObserver.swift */; };
		D1E989121FCE57E900364407 /* CXInterpreter.swift in Sources */ = {isa = PBXBuildFile; fileRef = D1E989111FCE57E900364407 /* CXInterpreter.swift */; };
		D1E989141FCE962E00364407 /* CXMemento.swift in Sources */ = {isa = PBXBuildFile; fileRef = D1E989131FCE962E00364407 /* CXMemento.swift */; };
		D1E989161FCEAF4100364407 /* CXState.swift in Sources */ = {isa = PBXBuildFile; fileRef = D1E989151FCEAF4100364407 /* CXState.swift */; };
/* End PBXBuildFile section */

/* Begin PBXFileReference section */
		D10DE39E1FBD926600EC07F2 /* CXProxy.swift */ = {isa = PBXFileReference; lastKnownFileType = sourcecode.swift; path = CXProxy.swift; sourceTree = "<group>"; };
		D111F8B41FC55CEF000F4EF7 /* CXFlyweight.swift */ = {isa = PBXFileReference; lastKnownFileType = sourcecode.swift; path = CXFlyweight.swift; sourceTree = "<group>"; };
		D111F8B61FC57179000F4EF7 /* CXBridge.swift */ = {isa = PBXFileReference; lastKnownFileType = sourcecode.swift; path = CXBridge.swift; sourceTree = "<group>"; };
		D11BAAAB1F33277500E21DF8 /* CXBlockViewController.swift */ = {isa = PBXFileReference; fileEncoding = 4; lastKnownFileType = sourcecode.swift; path = CXBlockViewController.swift; sourceTree = "<group>"; };
		D12317FD1FE75F1C008D0F77 /* CXMVCUserViewController.swift */ = {isa = PBXFileReference; lastKnownFileType = sourcecode.swift; path = CXMVCUserViewController.swift; sourceTree = "<group>"; };
		D12317FF1FE767B5008D0F77 /* CXMVCUserInfoViewController.swift */ = {isa = PBXFileReference; lastKnownFileType = sourcecode.swift; path = CXMVCUserInfoViewController.swift; sourceTree = "<group>"; };
		D12318001FE767B5008D0F77 /* CXMVCUserInfoViewController.xib */ = {isa = PBXFileReference; lastKnownFileType = file.xib; path = CXMVCUserInfoViewController.xib; sourceTree = "<group>"; };
		D12318031FE76D55008D0F77 /* CXMVCUser.swift */ = {isa = PBXFileReference; lastKnownFileType = sourcecode.swift; path = CXMVCUser.swift; sourceTree = "<group>"; };
		D12318051FE7919D008D0F77 /* CXMVCBlogViewController.swift */ = {isa = PBXFileReference; lastKnownFileType = sourcecode.swift; path = CXMVCBlogViewController.swift; sourceTree = "<group>"; };
		D12318071FE79920008D0F77 /* CXMVCBlogTableViewCell.swift */ = {isa = PBXFileReference; lastKnownFileType = sourcecode.swift; path = CXMVCBlogTableViewCell.swift; sourceTree = "<group>"; };
		D12318081FE79920008D0F77 /* CXMVCBlogTableViewCell.xib */ = {isa = PBXFileReference; lastKnownFileType = file.xib; path = CXMVCBlogTableViewCell.xib; sourceTree = "<group>"; };
		D123180B1FE7A533008D0F77 /* CXMVCBlog.swift */ = {isa = PBXFileReference; lastKnownFileType = sourcecode.swift; path = CXMVCBlog.swift; sourceTree = "<group>"; };
		D123180D1FE7A69B008D0F77 /* CXMVCBlogCellHelper.swift */ = {isa = PBXFileReference; lastKnownFileType = sourcecode.swift; path = CXMVCBlogCellHelper.swift; sourceTree = "<group>"; };
		D146F2EC1FC17C660014F0F2 /* CXDecorator.swift */ = {isa = PBXFileReference; lastKnownFileType = sourcecode.swift; path = CXDecorator.swift; sourceTree = "<group>"; };
		D15059DA1FC674620084DC0C /* CXStrategy.swift */ = {isa = PBXFileReference; lastKnownFileType = sourcecode.swift; path = CXStrategy.swift; sourceTree = "<group>"; };
		D15059DC1FC6A9C80084DC0C /* CXResponsibility.swift */ = {isa = PBXFileReference; lastKnownFileType = sourcecode.swift; path = CXResponsibility.swift; sourceTree = "<group>"; };
		D15059DE1FC6BF3F0084DC0C /* CXCommand.swift */ = {isa = PBXFileReference; lastKnownFileType = sourcecode.swift; path = CXCommand.swift; sourceTree = "<group>"; };
		D162DA7F1FB05D5000B8886A /* CXSingleton.swift */ = {isa = PBXFileReference; lastKnownFileType = sourcecode.swift; path = CXSingleton.swift; sourceTree = "<group>"; };
		D162DAA11FB1AA5C00B8886A /* CXFactory.swift */ = {isa = PBXFileReference; lastKnownFileType = sourcecode.swift; path = CXFactory.swift; sourceTree = "<group>"; };
		D162DAA31FB1AFE100B8886A /* CXTempViewController.swift */ = {isa = PBXFileReference; lastKnownFileType = sourcecode.swift; path = CXTempViewController.swift; sourceTree = "<group>"; };
		D162DAC31FB4AD8B00B8886A /* CXDesignViewController.swift */ = {isa = PBXFileReference; lastKnownFileType = sourcecode.swift; path = CXDesignViewController.swift; sourceTree = "<group>"; };
		D162DAC51FB584FC00B8886A /* CXBaseViewController.swift */ = {isa = PBXFileReference; lastKnownFileType = sourcecode.swift; path = CXBaseViewController.swift; sourceTree = "<group>"; };
		D16772241FBAE31F0076D0D1 /* CXPrototype.swift */ = {isa = PBXFileReference; lastKnownFileType = sourcecode.swift; path = CXPrototype.swift; sourceTree = "<group>"; };
		D1728F9E1FC8012E007B8ED4 /* CXMediator.swift */ = {isa = PBXFileReference; lastKnownFileType = sourcecode.swift; path = CXMediator.swift; sourceTree = "<group>"; };
		D1728FA01FC80F7A007B8ED4 /* CXTemplate.swift */ = {isa = PBXFileReference; lastKnownFileType = sourcecode.swift; path = CXTemplate.swift; sourceTree = "<group>"; };
		D1728FA21FC81A64007B8ED4 /* CXIterator.swift */ = {isa = PBXFileReference; lastKnownFileType = sourcecode.swift; path = CXIterator.swift; sourceTree = "<group>"; };
		D177B5BF1FC4093B00214E62 /* CXFacade.swift */ = {isa = PBXFileReference; lastKnownFileType = sourcecode.swift; path = CXFacade.swift; sourceTree = "<group>"; };
		D177B5C11FC479C900214E62 /* CXComposite.swift */ = {isa = PBXFileReference; lastKnownFileType = sourcecode.swift; path = CXComposite.swift; sourceTree = "<group>"; };
		D18748301F04F8000029B787 /* CollectionViewController.swift */ = {isa = PBXFileReference; fileEncoding = 4; lastKnownFileType = sourcecode.swift; path = CollectionViewController.swift; sourceTree = "<group>"; };
		D188A0DC1F95FDC5007800A3 /* BasicViewController.swift */ = {isa = PBXFileReference; lastKnownFileType = sourcecode.swift; path = BasicViewController.swift; sourceTree = "<group>"; };
		D18BA6F91F4C73EE007ED286 /* CXLocationViewController.swift */ = {isa = PBXFileReference; fileEncoding = 4; lastKnownFileType = sourcecode.swift; path = CXLocationViewController.swift; sourceTree = "<group>"; };
		D1A4EEC11FD4FA1400C96F82 /* CXMVCViewController.swift */ = {isa = PBXFileReference; lastKnownFileType = sourcecode.swift; path = CXMVCViewController.swift; sourceTree = "<group>"; };
		D1A4EEC31FD4FA3400C96F82 /* CXSimpleMVCController.swift */ = {isa = PBXFileReference; lastKnownFileType = sourcecode.swift; path = CXSimpleMVCController.swift; sourceTree = "<group>"; };
		D1A533121FB94EBE00C801EA /* CXBuilder.swift */ = {isa = PBXFileReference; lastKnownFileType = sourcecode.swift; path = CXBuilder.swift; sourceTree = "<group>"; };
		D1BA48371E9E258D00B4DA26 /* CXSwiftStudy.app */ = {isa = PBXFileReference; explicitFileType = wrapper.application; includeInIndex = 0; path = CXSwiftStudy.app; sourceTree = BUILT_PRODUCTS_DIR; };
		D1BA483A1E9E258D00B4DA26 /* AppDelegate.swift */ = {isa = PBXFileReference; lastKnownFileType = sourcecode.swift; path = AppDelegate.swift; sourceTree = "<group>"; };
		D1BA483C1E9E258D00B4DA26 /* ViewController.swift */ = {isa = PBXFileReference; lastKnownFileType = sourcecode.swift; path = ViewController.swift; sourceTree = "<group>"; };
		D1BA483F1E9E258D00B4DA26 /* Base */ = {isa = PBXFileReference; lastKnownFileType = file.storyboard; name = Base; path = Base.lproj/Main.storyboard; sourceTree = "<group>"; };
		D1BA48411E9E258D00B4DA26 /* Assets.xcassets */ = {isa = PBXFileReference; lastKnownFileType = folder.assetcatalog; path = Assets.xcassets; sourceTree = "<group>"; };
		D1BA48441E9E258D00B4DA26 /* Base */ = {isa = PBXFileReference; lastKnownFileType = file.storyboard; name = Base; path = Base.lproj/LaunchScreen.storyboard; sourceTree = "<group>"; };
		D1BA48461E9E258D00B4DA26 /* Info.plist */ = {isa = PBXFileReference; lastKnownFileType = text.plist.xml; path = Info.plist; sourceTree = "<group>"; };
		D1D4C7011FCD4D1A00F07A51 /* CXVisitor.swift */ = {isa = PBXFileReference; lastKnownFileType = sourcecode.swift; path = CXVisitor.swift; sourceTree = "<group>"; };
		D1D5B26C1FC31F8B001AA6DC /* CXAdapter.swift */ = {isa = PBXFileReference; lastKnownFileType = sourcecode.swift; path = CXAdapter.swift; sourceTree = "<group>"; };
		D1E9890F1FCE4C8500364407 /* CXObserver.swift */ = {isa = PBXFileReference; lastKnownFileType = sourcecode.swift; path = CXObserver.swift; sourceTree = "<group>"; };
		D1E989111FCE57E900364407 /* CXInterpreter.swift */ = {isa = PBXFileReference; lastKnownFileType = sourcecode.swift; path = CXInterpreter.swift; sourceTree = "<group>"; };
		D1E989131FCE962E00364407 /* CXMemento.swift */ = {isa = PBXFileReference; lastKnownFileType = sourcecode.swift; path = CXMemento.swift; sourceTree = "<group>"; };
		D1E989151FCEAF4100364407 /* CXState.swift */ = {isa = PBXFileReference; lastKnownFileType = sourcecode.swift; path = CXState.swift; sourceTree = "<group>"; };
/* End PBXFileReference section */

/* Begin PBXFrameworksBuildPhase section */
		D1BA48341E9E258D00B4DA26 /* Frameworks */ = {
			isa = PBXFrameworksBuildPhase;
			buildActionMask = 2147483647;
			files = (
			);
			runOnlyForDeploymentPostprocessing = 0;
		};
/* End PBXFrameworksBuildPhase section */

/* Begin PBXGroup section */
		D12317F71FE75E19008D0F77 /* Scene */ = {
			isa = PBXGroup;
			children = (
				D12317FD1FE75F1C008D0F77 /* CXMVCUserViewController.swift */,
			);
			path = Scene;
			sourceTree = "<group>";
		};
		D12317F81FE75E2C008D0F77 /* Model */ = {
			isa = PBXGroup;
			children = (
				D12318031FE76D55008D0F77 /* CXMVCUser.swift */,
				D123180B1FE7A533008D0F77 /* CXMVCBlog.swift */,
			);
			path = Model;
			sourceTree = "<group>";
		};
		D12317F91FE75E3A008D0F77 /* View */ = {
			isa = PBXGroup;
			children = (
				D12318071FE79920008D0F77 /* CXMVCBlogTableViewCell.swift */,
				D12318081FE79920008D0F77 /* CXMVCBlogTableViewCell.xib */,
			);
			path = View;
			sourceTree = "<group>";
		};
		D12317FA1FE75E44008D0F77 /* Controller */ = {
			isa = PBXGroup;
			children = (
				D12317FF1FE767B5008D0F77 /* CXMVCUserInfoViewController.swift */,
				D12318001FE767B5008D0F77 /* CXMVCUserInfoViewController.xib */,
				D12318051FE7919D008D0F77 /* CXMVCBlogViewController.swift */,
				D123180D1FE7A69B008D0F77 /* CXMVCBlogCellHelper.swift */,
			);
			path = Controller;
			sourceTree = "<group>";
		};
		D162DA7E1FB05CA400B8886A /* design-mode */ = {
			isa = PBXGroup;
			children = (
				D162DAC31FB4AD8B00B8886A /* CXDesignViewController.swift */,
				D162DA7F1FB05D5000B8886A /* CXSingleton.swift */,
				D162DAA11FB1AA5C00B8886A /* CXFactory.swift */,
				D1A533121FB94EBE00C801EA /* CXBuilder.swift */,
				D16772241FBAE31F0076D0D1 /* CXPrototype.swift */,
				D10DE39E1FBD926600EC07F2 /* CXProxy.swift */,
				D146F2EC1FC17C660014F0F2 /* CXDecorator.swift */,
				D1D5B26C1FC31F8B001AA6DC /* CXAdapter.swift */,
				D177B5BF1FC4093B00214E62 /* CXFacade.swift */,
				D177B5C11FC479C900214E62 /* CXComposite.swift */,
				D111F8B41FC55CEF000F4EF7 /* CXFlyweight.swift */,
				D111F8B61FC57179000F4EF7 /* CXBridge.swift */,
				D15059DA1FC674620084DC0C /* CXStrategy.swift */,
				D15059DC1FC6A9C80084DC0C /* CXResponsibility.swift */,
				D15059DE1FC6BF3F0084DC0C /* CXCommand.swift */,
				D1728F9E1FC8012E007B8ED4 /* CXMediator.swift */,
				D1728FA01FC80F7A007B8ED4 /* CXTemplate.swift */,
				D1728FA21FC81A64007B8ED4 /* CXIterator.swift */,
				D1D4C7011FCD4D1A00F07A51 /* CXVisitor.swift */,
				D1E9890F1FCE4C8500364407 /* CXObserver.swift */,
				D1E989111FCE57E900364407 /* CXInterpreter.swift */,
				D1E989131FCE962E00364407 /* CXMemento.swift */,
				D1E989151FCEAF4100364407 /* CXState.swift */,
			);
			path = "design-mode";
			sourceTree = "<group>";
		};
		D18748251F04F7E80029B787 /* Classes */ = {
			isa = PBXGroup;
			children = (
				D188A0D81F95D640007800A3 /* basic */,
				D18BA6F81F4C73D4007ED286 /* 定位 */,
				D18748261F04F7E80029B787 /* 闭包 */,
				D18748271F04F7E80029B787 /* 内存 */,
				D18748281F04F7E80029B787 /* 动画 */,
				D18748291F04F7E80029B787 /* 单元测试 */,
				D187482A1F04F7E80029B787 /* 多线程 */,
				D187482B1F04F7E80029B787 /* 性能检测及优化 */,
				D187482C1F04F7E80029B787 /* 控制器 */,
				D187482D1F04F7E80029B787 /* 流媒体 */,
				D187482E1F04F7E80029B787 /* 网络 */,
				D187482F1F04F7E80029B787 /* 集合 */,
			);
			path = Classes;
			sourceTree = "<group>";
		};
		D18748261F04F7E80029B787 /* 闭包 */ = {
			isa = PBXGroup;
			children = (
				D11BAAAB1F33277500E21DF8 /* CXBlockViewController.swift */,
			);
			path = "闭包";
			sourceTree = "<group>";
		};
		D18748271F04F7E80029B787 /* 内存 */ = {
			isa = PBXGroup;
			children = (
			);
			path = "内存";
			sourceTree = "<group>";
		};
		D18748281F04F7E80029B787 /* 动画 */ = {
			isa = PBXGroup;
			children = (
			);
			path = "动画";
			sourceTree = "<group>";
		};
		D18748291F04F7E80029B787 /* 单元测试 */ = {
			isa = PBXGroup;
			children = (
			);
			path = "单元测试";
			sourceTree = "<group>";
		};
		D187482A1F04F7E80029B787 /* 多线程 */ = {
			isa = PBXGroup;
			children = (
			);
			path = "多线程";
			sourceTree = "<group>";
		};
		D187482B1F04F7E80029B787 /* 性能检测及优化 */ = {
			isa = PBXGroup;
			children = (
			);
			path = "性能检测及优化";
			sourceTree = "<group>";
		};
		D187482C1F04F7E80029B787 /* 控制器 */ = {
			isa = PBXGroup;
			children = (
			);
			path = "控制器";
			sourceTree = "<group>";
		};
		D187482D1F04F7E80029B787 /* 流媒体 */ = {
			isa = PBXGroup;
			children = (
			);
			path = "流媒体";
			sourceTree = "<group>";
		};
		D187482E1F04F7E80029B787 /* 网络 */ = {
			isa = PBXGroup;
			children = (
			);
			path = "网络";
			sourceTree = "<group>";
		};
		D187482F1F04F7E80029B787 /* 集合 */ = {
			isa = PBXGroup;
			children = (
				D18748301F04F8000029B787 /* CollectionViewController.swift */,
			);
			path = "集合";
			sourceTree = "<group>";
		};
		D188A0D81F95D640007800A3 /* basic */ = {
			isa = PBXGroup;
			children = (
				D188A0DC1F95FDC5007800A3 /* BasicViewController.swift */,
			);
			path = basic;
			sourceTree = "<group>";
		};
		D18BA6F81F4C73D4007ED286 /* 定位 */ = {
			isa = PBXGroup;
			children = (
				D18BA6F91F4C73EE007ED286 /* CXLocationViewController.swift */,
			);
			path = "定位";
			sourceTree = "<group>";
		};
		D1A4EEC01FD4F9F300C96F82 /* MVC */ = {
			isa = PBXGroup;
			children = (
				D1A4EEC11FD4FA1400C96F82 /* CXMVCViewController.swift */,
				D1A4EEC31FD4FA3400C96F82 /* CXSimpleMVCController.swift */,
				D12317F71FE75E19008D0F77 /* Scene */,
				D12317F81FE75E2C008D0F77 /* Model */,
				D12317F91FE75E3A008D0F77 /* View */,
				D12317FA1FE75E44008D0F77 /* Controller */,
			);
			path = MVC;
			sourceTree = "<group>";
		};
		D1BA482E1E9E258D00B4DA26 = {
			isa = PBXGroup;
			children = (
				D1BA48391E9E258D00B4DA26 /* CXSwiftStudy */,
				D1BA48381E9E258D00B4DA26 /* Products */,
			);
			sourceTree = "<group>";
		};
		D1BA48381E9E258D00B4DA26 /* Products */ = {
			isa = PBXGroup;
			children = (
				D1BA48371E9E258D00B4DA26 /* CXSwiftStudy.app */,
			);
			name = Products;
			sourceTree = "<group>";
		};
		D1BA48391E9E258D00B4DA26 /* CXSwiftStudy */ = {
			isa = PBXGroup;
			children = (
				D1FF72AC1FD125D00086AC55 /* framework */,
				D162DA7E1FB05CA400B8886A /* design-mode */,
				D18748251F04F7E80029B787 /* Classes */,
				D1BA483A1E9E258D00B4DA26 /* AppDelegate.swift */,
				D1BA483C1E9E258D00B4DA26 /* ViewController.swift */,
				D162DAC51FB584FC00B8886A /* CXBaseViewController.swift */,
				D162DAA31FB1AFE100B8886A /* CXTempViewController.swift */,
				D1BA483E1E9E258D00B4DA26 /* Main.storyboard */,
				D1BA48411E9E258D00B4DA26 /* Assets.xcassets */,
				D1BA48431E9E258D00B4DA26 /* LaunchScreen.storyboard */,
				D1BA48461E9E258D00B4DA26 /* Info.plist */,
			);
			path = CXSwiftStudy;
			sourceTree = "<group>";
		};
		D1FF72AC1FD125D00086AC55 /* framework */ = {
			isa = PBXGroup;
			children = (
				D1FF72AD1FD125E90086AC55 /* MVX */,
			);
			path = framework;
			sourceTree = "<group>";
		};
		D1FF72AD1FD125E90086AC55 /* MVX */ = {
			isa = PBXGroup;
			children = (
				D1A4EEC01FD4F9F300C96F82 /* MVC */,
			);
			path = MVX;
			sourceTree = "<group>";
		};
/* End PBXGroup section */

/* Begin PBXNativeTarget section */
		D1BA48361E9E258D00B4DA26 /* CXSwiftStudy */ = {
			isa = PBXNativeTarget;
			buildConfigurationList = D1BA48491E9E258D00B4DA26 /* Build configuration list for PBXNativeTarget "CXSwiftStudy" */;
			buildPhases = (
				D1BA48331E9E258D00B4DA26 /* Sources */,
				D1BA48341E9E258D00B4DA26 /* Frameworks */,
				D1BA48351E9E258D00B4DA26 /* Resources */,
			);
			buildRules = (
			);
			dependencies = (
			);
			name = CXSwiftStudy;
			productName = CXSwiftStudy;
			productReference = D1BA48371E9E258D00B4DA26 /* CXSwiftStudy.app */;
			productType = "com.apple.product-type.application";
		};
/* End PBXNativeTarget section */

/* Begin PBXProject section */
		D1BA482F1E9E258D00B4DA26 /* Project object */ = {
			isa = PBXProject;
			attributes = {
				CLASSPREFIX = CX;
				LastSwiftUpdateCheck = 0820;
				LastUpgradeCheck = 0820;
				ORGANIZATIONNAME = CX;
				TargetAttributes = {
					D1BA48361E9E258D00B4DA26 = {
						CreatedOnToolsVersion = 8.2.1;
						DevelopmentTeam = 862YF45JD7;
						ProvisioningStyle = Automatic;
						SystemCapabilities = {
							com.apple.BackgroundModes = {
								enabled = 1;
							};
						};
					};
				};
			};
			buildConfigurationList = D1BA48321E9E258D00B4DA26 /* Build configuration list for PBXProject "CXSwiftStudy" */;
			compatibilityVersion = "Xcode 3.2";
			developmentRegion = English;
			hasScannedForEncodings = 0;
			knownRegions = (
				en,
				Base,
			);
			mainGroup = D1BA482E1E9E258D00B4DA26;
			productRefGroup = D1BA48381E9E258D00B4DA26 /* Products */;
			projectDirPath = "";
			projectRoot = "";
			targets = (
				D1BA48361E9E258D00B4DA26 /* CXSwiftStudy */,
			);
		};
/* End PBXProject section */

/* Begin PBXResourcesBuildPhase section */
		D1BA48351E9E258D00B4DA26 /* Resources */ = {
			isa = PBXResourcesBuildPhase;
			buildActionMask = 2147483647;
			files = (
				D123180A1FE79920008D0F77 /* CXMVCBlogTableViewCell.xib in Resources */,
				D1BA48451E9E258D00B4DA26 /* LaunchScreen.storyboard in Resources */,
				D12318021FE767B5008D0F77 /* CXMVCUserInfoViewController.xib in Resources */,
				D1BA48421E9E258D00B4DA26 /* Assets.xcassets in Resources */,
				D1BA48401E9E258D00B4DA26 /* Main.storyboard in Resources */,
			);
			runOnlyForDeploymentPostprocessing = 0;
		};
/* End PBXResourcesBuildPhase section */

/* Begin PBXSourcesBuildPhase section */
		D1BA48331E9E258D00B4DA26 /* Sources */ = {
			isa = PBXSourcesBuildPhase;
			buildActionMask = 2147483647;
			files = (
				D123180C1FE7A533008D0F77 /* CXMVCBlog.swift in Sources */,
				D18748311F04F8000029B787 /* CollectionViewController.swift in Sources */,
				D188A0DD1F95FDC5007800A3 /* BasicViewController.swift in Sources */,
				D1E989121FCE57E900364407 /* CXInterpreter.swift in Sources */,
				D162DAA41FB1AFE100B8886A /* CXTempViewController.swift in Sources */,
				D12318061FE7919D008D0F77 /* CXMVCBlogViewController.swift in Sources */,
				D15059DB1FC674620084DC0C /* CXStrategy.swift in Sources */,
				D1BA483D1E9E258D00B4DA26 /* ViewController.swift in Sources */,
				D1728FA11FC80F7A007B8ED4 /* CXTemplate.swift in Sources */,
				D1A533131FB94EBE00C801EA /* CXBuilder.swift in Sources */,
				D10DE39F1FBD926600EC07F2 /* CXProxy.swift in Sources */,
				D177B5C21FC479C900214E62 /* CXComposite.swift in Sources */,
				D15059DD1FC6A9C80084DC0C /* CXResponsibility.swift in Sources */,
				D1E989101FCE4C8500364407 /* CXObserver.swift in Sources */,
				D12318011FE767B5008D0F77 /* CXMVCUserInfoViewController.swift in Sources */,
				D1D5B26D1FC31F8B001AA6DC /* CXAdapter.swift in Sources */,
				D12318041FE76D55008D0F77 /* CXMVCUser.swift in Sources */,
				D162DA801FB05D5000B8886A /* CXSingleton.swift in Sources */,
				D111F8B71FC57179000F4EF7 /* CXBridge.swift in Sources */,
				D12317FE1FE75F1C008D0F77 /* CXMVCUserViewController.swift in Sources */,
				D1A4EEC21FD4FA1400C96F82 /* CXMVCViewController.swift in Sources */,
				D1E989161FCEAF4100364407 /* CXState.swift in Sources */,
				D15059DF1FC6BF3F0084DC0C /* CXCommand.swift in Sources */,
				D1BA483B1E9E258D00B4DA26 /* AppDelegate.swift in Sources */,
				D162DAA21FB1AA5C00B8886A /* CXFactory.swift in Sources */,
				D162DAC41FB4AD8B00B8886A /* CXDesignViewController.swift in Sources */,
				D177B5C01FC4093B00214E62 /* CXFacade.swift in Sources */,
				D18BA6FA1F4C73EE007ED286 /* CXLocationViewController.swift in Sources */,
				D111F8B51FC55CEF000F4EF7 /* CXFlyweight.swift in Sources */,
				D1728FA31FC81A64007B8ED4 /* CXIterator.swift in Sources */,
				D1A4EEC41FD4FA3400C96F82 /* CXSimpleMVCController.swift in Sources */,
				D1728F9F1FC8012E007B8ED4 /* CXMediator.swift in Sources */,
				D12318091FE79920008D0F77 /* CXMVCBlogTableViewCell.swift in Sources */,
				D123180E1FE7A69B008D0F77 /* CXMVCBlogCellHelper.swift in Sources */,
				D162DAC61FB584FC00B8886A /* CXBaseViewController.swift in Sources */,
				D146F2ED1FC17C660014F0F2 /* CXDecorator.swift in Sources */,
				D1E989141FCE962E00364407 /* CXMemento.swift in Sources */,
				D1D4C7021FCD4D1A00F07A51 /* CXVisitor.swift in Sources */,
				D11BAAAC1F33277500E21DF8 /* CXBlockViewController.swift in Sources */,
				D16772251FBAE31F0076D0D1 /* CXPrototype.swift in Sources */,
			);
			runOnlyForDeploymentPostprocessing = 0;
		};
/* End PBXSourcesBuildPhase section */

/* Begin PBXVariantGroup section */
		D1BA483E1E9E258D00B4DA26 /* Main.storyboard */ = {
			isa = PBXVariantGroup;
			children = (
				D1BA483F1E9E258D00B4DA26 /* Base */,
			);
			name = Main.storyboard;
			sourceTree = "<group>";
		};
		D1BA48431E9E258D00B4DA26 /* LaunchScreen.storyboard */ = {
			isa = PBXVariantGroup;
			children = (
				D1BA48441E9E258D00B4DA26 /* Base */,
			);
			name = LaunchScreen.storyboard;
			sourceTree = "<group>";
		};
/* End PBXVariantGroup section */

/* Begin XCBuildConfiguration section */
		D1BA48471E9E258D00B4DA26 /* Debug */ = {
			isa = XCBuildConfiguration;
			buildSettings = {
				ALWAYS_SEARCH_USER_PATHS = NO;
				CLANG_ANALYZER_NONNULL = YES;
				CLANG_CXX_LANGUAGE_STANDARD = "gnu++0x";
				CLANG_CXX_LIBRARY = "libc++";
				CLANG_ENABLE_MODULES = YES;
				CLANG_ENABLE_OBJC_ARC = YES;
				CLANG_WARN_BOOL_CONVERSION = YES;
				CLANG_WARN_CONSTANT_CONVERSION = YES;
				CLANG_WARN_DIRECT_OBJC_ISA_USAGE = YES_ERROR;
				CLANG_WARN_DOCUMENTATION_COMMENTS = YES;
				CLANG_WARN_EMPTY_BODY = YES;
				CLANG_WARN_ENUM_CONVERSION = YES;
				CLANG_WARN_INFINITE_RECURSION = YES;
				CLANG_WARN_INT_CONVERSION = YES;
				CLANG_WARN_OBJC_ROOT_CLASS = YES_ERROR;
				CLANG_WARN_SUSPICIOUS_MOVE = YES;
				CLANG_WARN_UNREACHABLE_CODE = YES;
				CLANG_WARN__DUPLICATE_METHOD_MATCH = YES;
				"CODE_SIGN_IDENTITY[sdk=iphoneos*]" = "iPhone Developer";
				COPY_PHASE_STRIP = NO;
				DEBUG_INFORMATION_FORMAT = dwarf;
				ENABLE_STRICT_OBJC_MSGSEND = YES;
				ENABLE_TESTABILITY = YES;
				GCC_C_LANGUAGE_STANDARD = gnu99;
				GCC_DYNAMIC_NO_PIC = NO;
				GCC_NO_COMMON_BLOCKS = YES;
				GCC_OPTIMIZATION_LEVEL = 0;
				GCC_PREPROCESSOR_DEFINITIONS = (
					"DEBUG=1",
					"$(inherited)",
				);
				GCC_WARN_64_TO_32_BIT_CONVERSION = YES;
				GCC_WARN_ABOUT_RETURN_TYPE = YES_ERROR;
				GCC_WARN_UNDECLARED_SELECTOR = YES;
				GCC_WARN_UNINITIALIZED_AUTOS = YES_AGGRESSIVE;
				GCC_WARN_UNUSED_FUNCTION = YES;
				GCC_WARN_UNUSED_VARIABLE = YES;
				IPHONEOS_DEPLOYMENT_TARGET = 9.1;
				MTL_ENABLE_DEBUG_INFO = YES;
				ONLY_ACTIVE_ARCH = YES;
				SDKROOT = iphoneos;
				SWIFT_ACTIVE_COMPILATION_CONDITIONS = DEBUG;
				SWIFT_OPTIMIZATION_LEVEL = "-Onone";
			};
			name = Debug;
		};
		D1BA48481E9E258D00B4DA26 /* Release */ = {
			isa = XCBuildConfiguration;
			buildSettings = {
				ALWAYS_SEARCH_USER_PATHS = NO;
				CLANG_ANALYZER_NONNULL = YES;
				CLANG_CXX_LANGUAGE_STANDARD = "gnu++0x";
				CLANG_CXX_LIBRARY = "libc++";
				CLANG_ENABLE_MODULES = YES;
				CLANG_ENABLE_OBJC_ARC = YES;
				CLANG_WARN_BOOL_CONVERSION = YES;
				CLANG_WARN_CONSTANT_CONVERSION = YES;
				CLANG_WARN_DIRECT_OBJC_ISA_USAGE = YES_ERROR;
				CLANG_WARN_DOCUMENTATION_COMMENTS = YES;
				CLANG_WARN_EMPTY_BODY = YES;
				CLANG_WARN_ENUM_CONVERSION = YES;
				CLANG_WARN_INFINITE_RECURSION = YES;
				CLANG_WARN_INT_CONVERSION = YES;
				CLANG_WARN_OBJC_ROOT_CLASS = YES_ERROR;
				CLANG_WARN_SUSPICIOUS_MOVE = YES;
				CLANG_WARN_UNREACHABLE_CODE = YES;
				CLANG_WARN__DUPLICATE_METHOD_MATCH = YES;
				"CODE_SIGN_IDENTITY[sdk=iphoneos*]" = "iPhone Developer";
				COPY_PHASE_STRIP = NO;
				DEBUG_INFORMATION_FORMAT = "dwarf-with-dsym";
				ENABLE_NS_ASSERTIONS = NO;
				ENABLE_STRICT_OBJC_MSGSEND = YES;
				GCC_C_LANGUAGE_STANDARD = gnu99;
				GCC_NO_COMMON_BLOCKS = YES;
				GCC_WARN_64_TO_32_BIT_CONVERSION = YES;
				GCC_WARN_ABOUT_RETURN_TYPE = YES_ERROR;
				GCC_WARN_UNDECLARED_SELECTOR = YES;
				GCC_WARN_UNINITIALIZED_AUTOS = YES_AGGRESSIVE;
				GCC_WARN_UNUSED_FUNCTION = YES;
				GCC_WARN_UNUSED_VARIABLE = YES;
				IPHONEOS_DEPLOYMENT_TARGET = 9.1;
				MTL_ENABLE_DEBUG_INFO = NO;
				SDKROOT = iphoneos;
				SWIFT_OPTIMIZATION_LEVEL = "-Owholemodule";
				VALIDATE_PRODUCT = YES;
			};
			name = Release;
		};
		D1BA484A1E9E258D00B4DA26 /* Debug */ = {
			isa = XCBuildConfiguration;
			buildSettings = {
				ASSETCATALOG_COMPILER_APPICON_NAME = AppIcon;
				DEVELOPMENT_TEAM = 862YF45JD7;
				INFOPLIST_FILE = CXSwiftStudy/Info.plist;
				IPHONEOS_DEPLOYMENT_TARGET = 8.0;
				LD_RUNPATH_SEARCH_PATHS = "$(inherited) @executable_path/Frameworks";
				PRODUCT_BUNDLE_IDENTIFIER = CX.CXSwiftStudy;
				PRODUCT_NAME = "$(TARGET_NAME)";
				SWIFT_VERSION = 3.0;
			};
			name = Debug;
		};
		D1BA484B1E9E258D00B4DA26 /* Release */ = {
			isa = XCBuildConfiguration;
			buildSettings = {
				ASSETCATALOG_COMPILER_APPICON_NAME = AppIcon;
				DEVELOPMENT_TEAM = 862YF45JD7;
				INFOPLIST_FILE = CXSwiftStudy/Info.plist;
				IPHONEOS_DEPLOYMENT_TARGET = 8.0;
				LD_RUNPATH_SEARCH_PATHS = "$(inherited) @executable_path/Frameworks";
				PRODUCT_BUNDLE_IDENTIFIER = CX.CXSwiftStudy;
				PRODUCT_NAME = "$(TARGET_NAME)";
				SWIFT_VERSION = 3.0;
			};
			name = Release;
		};
/* End XCBuildConfiguration section */

/* Begin XCConfigurationList section */
		D1BA48321E9E258D00B4DA26 /* Build configuration list for PBXProject "CXSwiftStudy" */ = {
			isa = XCConfigurationList;
			buildConfigurations = (
				D1BA48471E9E258D00B4DA26 /* Debug */,
				D1BA48481E9E258D00B4DA26 /* Release */,
			);
			defaultConfigurationIsVisible = 0;
			defaultConfigurationName = Release;
		};
		D1BA48491E9E258D00B4DA26 /* Build configuration list for PBXNativeTarget "CXSwiftStudy" */ = {
			isa = XCConfigurationList;
			buildConfigurations = (
				D1BA484A1E9E258D00B4DA26 /* Debug */,
				D1BA484B1E9E258D00B4DA26 /* Release */,
			);
			defaultConfigurationIsVisible = 0;
			defaultConfigurationName = Release;
		};
/* End XCConfigurationList section */
	};
	rootObject = D1BA482F1E9E258D00B4DA26 /* Project object */;
}
