// !$*UTF8*$!
{
	archiveVersion = 1;
	classes = {
	};
	objectVersion = 46;
	objects = {

/* Begin PBXBuildFile section */
		852CC13B2053C88B006F49AA /* CXUILabelViewController.swift in Sources */ = {isa = PBXBuildFile; fileRef = 852CC13A2053C88B006F49AA /* CXUILabelViewController.swift */; };
		852CC13D2053D4DC006F49AA /* CXTextFieldViewController.swift in Sources */ = {isa = PBXBuildFile; fileRef = 852CC13C2053D4DC006F49AA /* CXTextFieldViewController.swift */; };
		852CC13F2053DF1F006F49AA /* CXUIButtonViewController.swift in Sources */ = {isa = PBXBuildFile; fileRef = 852CC13E2053DF1F006F49AA /* CXUIButtonViewController.swift */; };
		852CC14120577EA9006F49AA /* CXTraitsViewController.swift in Sources */ = {isa = PBXBuildFile; fileRef = 852CC14020577EA9006F49AA /* CXTraitsViewController.swift */; };
		852CF5EC20510EBC006B994D /* CXNSObject+Extension.swift in Sources */ = {isa = PBXBuildFile; fileRef = 852CF5EB20510EBC006B994D /* CXNSObject+Extension.swift */; };
		852CF5EE20513944006B994D /* CXRuntimeTableViewController.swift in Sources */ = {isa = PBXBuildFile; fileRef = 852CF5ED20513944006B994D /* CXRuntimeTableViewController.swift */; };
		855F2D9D204F8C7F006AC8C8 /* CXSnapKitViewController.swift in Sources */ = {isa = PBXBuildFile; fileRef = 855F2D9C204F8C7F006AC8C8 /* CXSnapKitViewController.swift */; };
		855F2DA2204FBF28006AC8C8 /* CXRxSwiftViewController.swift in Sources */ = {isa = PBXBuildFile; fileRef = 855F2DA1204FBF28006AC8C8 /* CXRxSwiftViewController.swift */; };
		85B73B6F20538B3D00211433 /* CXObservableViewController.swift in Sources */ = {isa = PBXBuildFile; fileRef = 85B73B6E20538B3D00211433 /* CXObservableViewController.swift */; };
		85B73B712053B96C00211433 /* CXConfigHeader.swift in Sources */ = {isa = PBXBuildFile; fileRef = 85B73B702053B96C00211433 /* CXConfigHeader.swift */; };
		85EF71542050DF25004BDC56 /* CXRuntimeViewController.swift in Sources */ = {isa = PBXBuildFile; fileRef = 85EF71532050DF25004BDC56 /* CXRuntimeViewController.swift */; };
		D103819B1FEA308800D85EC1 /* CXMVPUserViewController.swift in Sources */ = {isa = PBXBuildFile; fileRef = D103819A1FEA308800D85EC1 /* CXMVPUserViewController.swift */; };
		D103819D1FEA4E1500D85EC1 /* CXMVXUserInfoView.swift in Sources */ = {isa = PBXBuildFile; fileRef = D103819C1FEA4E1500D85EC1 /* CXMVXUserInfoView.swift */; };
		D103819F1FEA4E1F00D85EC1 /* CXMVXUserInfoView.xib in Resources */ = {isa = PBXBuildFile; fileRef = D103819E1FEA4E1F00D85EC1 /* CXMVXUserInfoView.xib */; };
		D10381A31FEA4F6E00D85EC1 /* CXMVCUserInfoViewController.swift in Sources */ = {isa = PBXBuildFile; fileRef = D10381A21FEA4F6E00D85EC1 /* CXMVCUserInfoViewController.swift */; };
		D10DE39F1FBD926600EC07F2 /* CXProxy.swift in Sources */ = {isa = PBXBuildFile; fileRef = D10DE39E1FBD926600EC07F2 /* CXProxy.swift */; };
		D111F8B51FC55CEF000F4EF7 /* CXFlyweight.swift in Sources */ = {isa = PBXBuildFile; fileRef = D111F8B41FC55CEF000F4EF7 /* CXFlyweight.swift */; };
		D111F8B71FC57179000F4EF7 /* CXBridge.swift in Sources */ = {isa = PBXBuildFile; fileRef = D111F8B61FC57179000F4EF7 /* CXBridge.swift */; };
		D11BAAAC1F33277500E21DF8 /* CXBlockViewController.swift in Sources */ = {isa = PBXBuildFile; fileRef = D11BAAAB1F33277500E21DF8 /* CXBlockViewController.swift */; };
		D12317FE1FE75F1C008D0F77 /* CXMVCUserViewController.swift in Sources */ = {isa = PBXBuildFile; fileRef = D12317FD1FE75F1C008D0F77 /* CXMVCUserViewController.swift */; };
		D12318041FE76D55008D0F77 /* CXMVXUser.swift in Sources */ = {isa = PBXBuildFile; fileRef = D12318031FE76D55008D0F77 /* CXMVXUser.swift */; };
		D12318061FE7919D008D0F77 /* CXMVCBlogViewController.swift in Sources */ = {isa = PBXBuildFile; fileRef = D12318051FE7919D008D0F77 /* CXMVCBlogViewController.swift */; };
		D12318091FE79920008D0F77 /* CXMVXBlogTableViewCell.swift in Sources */ = {isa = PBXBuildFile; fileRef = D12318071FE79920008D0F77 /* CXMVXBlogTableViewCell.swift */; };
		D123180A1FE79920008D0F77 /* CXMVXBlogTableViewCell.xib in Resources */ = {isa = PBXBuildFile; fileRef = D12318081FE79920008D0F77 /* CXMVXBlogTableViewCell.xib */; };
		D123180C1FE7A533008D0F77 /* CXMVXBlog.swift in Sources */ = {isa = PBXBuildFile; fileRef = D123180B1FE7A533008D0F77 /* CXMVXBlog.swift */; };
		D123180E1FE7A69B008D0F77 /* CXMVCBlogCellHelper.swift in Sources */ = {isa = PBXBuildFile; fileRef = D123180D1FE7A69B008D0F77 /* CXMVCBlogCellHelper.swift */; };
		D146F2ED1FC17C660014F0F2 /* CXDecorator.swift in Sources */ = {isa = PBXBuildFile; fileRef = D146F2EC1FC17C660014F0F2 /* CXDecorator.swift */; };
		D15059DB1FC674620084DC0C /* CXStrategy.swift in Sources */ = {isa = PBXBuildFile; fileRef = D15059DA1FC674620084DC0C /* CXStrategy.swift */; };
		D15059DD1FC6A9C80084DC0C /* CXResponsibility.swift in Sources */ = {isa = PBXBuildFile; fileRef = D15059DC1FC6A9C80084DC0C /* CXResponsibility.swift */; };
		D15059DF1FC6BF3F0084DC0C /* CXCommand.swift in Sources */ = {isa = PBXBuildFile; fileRef = D15059DE1FC6BF3F0084DC0C /* CXCommand.swift */; };
		D162DA801FB05D5000B8886A /* CXSingleton.swift in Sources */ = {isa = PBXBuildFile; fileRef = D162DA7F1FB05D5000B8886A /* CXSingleton.swift */; };
		D162DAA21FB1AA5C00B8886A /* CXFactory.swift in Sources */ = {isa = PBXBuildFile; fileRef = D162DAA11FB1AA5C00B8886A /* CXFactory.swift */; };
		D162DAA41FB1AFE100B8886A /* CXTempViewController.swift in Sources */ = {isa = PBXBuildFile; fileRef = D162DAA31FB1AFE100B8886A /* CXTempViewController.swift */; };
		D162DAC41FB4AD8B00B8886A /* CXDesignViewController.swift in Sources */ = {isa = PBXBuildFile; fileRef = D162DAC31FB4AD8B00B8886A /* CXDesignViewController.swift */; };
		D162DAC61FB584FC00B8886A /* CXBaseViewController.swift in Sources */ = {isa = PBXBuildFile; fileRef = D162DAC51FB584FC00B8886A /* CXBaseViewController.swift */; };
		D16772251FBAE31F0076D0D1 /* CXPrototype.swift in Sources */ = {isa = PBXBuildFile; fileRef = D16772241FBAE31F0076D0D1 /* CXPrototype.swift */; };
		D1728F9F1FC8012E007B8ED4 /* CXMediator.swift in Sources */ = {isa = PBXBuildFile; fileRef = D1728F9E1FC8012E007B8ED4 /* CXMediator.swift */; };
		D1728FA11FC80F7A007B8ED4 /* CXTemplate.swift in Sources */ = {isa = PBXBuildFile; fileRef = D1728FA01FC80F7A007B8ED4 /* CXTemplate.swift */; };
		D1728FA31FC81A64007B8ED4 /* CXIterator.swift in Sources */ = {isa = PBXBuildFile; fileRef = D1728FA21FC81A64007B8ED4 /* CXIterator.swift */; };
		D177B5C01FC4093B00214E62 /* CXFacade.swift in Sources */ = {isa = PBXBuildFile; fileRef = D177B5BF1FC4093B00214E62 /* CXFacade.swift */; };
		D177B5C21FC479C900214E62 /* CXComposite.swift in Sources */ = {isa = PBXBuildFile; fileRef = D177B5C11FC479C900214E62 /* CXComposite.swift */; };
		D18748311F04F8000029B787 /* CollectionViewController.swift in Sources */ = {isa = PBXBuildFile; fileRef = D18748301F04F8000029B787 /* CollectionViewController.swift */; };
		D188A0DD1F95FDC5007800A3 /* BasicViewController.swift in Sources */ = {isa = PBXBuildFile; fileRef = D188A0DC1F95FDC5007800A3 /* BasicViewController.swift */; };
		D18BA6FA1F4C73EE007ED286 /* CXLocationViewController.swift in Sources */ = {isa = PBXBuildFile; fileRef = D18BA6F91F4C73EE007ED286 /* CXLocationViewController.swift */; };
		D1A4EEC21FD4FA1400C96F82 /* CXMVXViewController.swift in Sources */ = {isa = PBXBuildFile; fileRef = D1A4EEC11FD4FA1400C96F82 /* CXMVXViewController.swift */; };
		D1A4EEC41FD4FA3400C96F82 /* CXSimpleMVCController.swift in Sources */ = {isa = PBXBuildFile; fileRef = D1A4EEC31FD4FA3400C96F82 /* CXSimpleMVCController.swift */; };
		D1A533131FB94EBE00C801EA /* CXBuilder.swift in Sources */ = {isa = PBXBuildFile; fileRef = D1A533121FB94EBE00C801EA /* CXBuilder.swift */; };
		D1B48CE31FEAAB0F0016874E /* CXMVPUserInfoPresenter.swift in Sources */ = {isa = PBXBuildFile; fileRef = D1B48CE21FEAAB0F0016874E /* CXMVPUserInfoPresenter.swift */; };
		D1B48CE51FEAACCE0016874E /* CXMVPUserInfoViewController.swift in Sources */ = {isa = PBXBuildFile; fileRef = D1B48CE41FEAACCE0016874E /* CXMVPUserInfoViewController.swift */; };
		D1BA483B1E9E258D00B4DA26 /* AppDelegate.swift in Sources */ = {isa = PBXBuildFile; fileRef = D1BA483A1E9E258D00B4DA26 /* AppDelegate.swift */; };
		D1BA483D1E9E258D00B4DA26 /* ViewController.swift in Sources */ = {isa = PBXBuildFile; fileRef = D1BA483C1E9E258D00B4DA26 /* ViewController.swift */; };
		D1BA48401E9E258D00B4DA26 /* Main.storyboard in Resources */ = {isa = PBXBuildFile; fileRef = D1BA483E1E9E258D00B4DA26 /* Main.storyboard */; };
		D1BA48421E9E258D00B4DA26 /* Assets.xcassets in Resources */ = {isa = PBXBuildFile; fileRef = D1BA48411E9E258D00B4DA26 /* Assets.xcassets */; };
		D1BA48451E9E258D00B4DA26 /* LaunchScreen.storyboard in Resources */ = {isa = PBXBuildFile; fileRef = D1BA48431E9E258D00B4DA26 /* LaunchScreen.storyboard */; };
		D1CE46251FEB5D36004DE973 /* CXMVPBlogViewController.swift in Sources */ = {isa = PBXBuildFile; fileRef = D1CE46241FEB5D36004DE973 /* CXMVPBlogViewController.swift */; };
		D1CE46271FEB5DF5004DE973 /* CXMVPBlogViewPresenter.swift in Sources */ = {isa = PBXBuildFile; fileRef = D1CE46261FEB5DF5004DE973 /* CXMVPBlogViewPresenter.swift */; };
		D1CE46291FEB5F73004DE973 /* CXMVPBlogCellPresenter.swift in Sources */ = {isa = PBXBuildFile; fileRef = D1CE46281FEB5F73004DE973 /* CXMVPBlogCellPresenter.swift */; };
		D1CE462C1FEB99E1004DE973 /* CXClassesViewController.swift in Sources */ = {isa = PBXBuildFile; fileRef = D1CE462B1FEB99E1004DE973 /* CXClassesViewController.swift */; };
		D1D4C7021FCD4D1A00F07A51 /* CXVisitor.swift in Sources */ = {isa = PBXBuildFile; fileRef = D1D4C7011FCD4D1A00F07A51 /* CXVisitor.swift */; };
		D1D5B26D1FC31F8B001AA6DC /* CXAdapter.swift in Sources */ = {isa = PBXBuildFile; fileRef = D1D5B26C1FC31F8B001AA6DC /* CXAdapter.swift */; };
		D1E989101FCE4C8500364407 /* CXObserver.swift in Sources */ = {isa = PBXBuildFile; fileRef = D1E9890F1FCE4C8500364407 /* CXObserver.swift */; };
		D1E989121FCE57E900364407 /* CXInterpreter.swift in Sources */ = {isa = PBXBuildFile; fileRef = D1E989111FCE57E900364407 /* CXInterpreter.swift */; };
		D1E989141FCE962E00364407 /* CXMemento.swift in Sources */ = {isa = PBXBuildFile; fileRef = D1E989131FCE962E00364407 /* CXMemento.swift */; };
		D1E989161FCEAF4100364407 /* CXState.swift in Sources */ = {isa = PBXBuildFile; fileRef = D1E989151FCEAF4100364407 /* CXState.swift */; };
		E53306EF172961A128D65B74 /* Pods_CXSwiftStudy.framework in Frameworks */ = {isa = PBXBuildFile; fileRef = 9E7CE03F0D07516996CF7A7E /* Pods_CXSwiftStudy.framework */; };
/* End PBXBuildFile section */

/* Begin PBXFileReference section */
		51A5A5C2C01AD669BC9AF59E /* Pods-CXSwiftStudy.release.xcconfig */ = {isa = PBXFileReference; includeInIndex = 1; lastKnownFileType = text.xcconfig; name = "Pods-CXSwiftStudy.release.xcconfig"; path = "Pods/Target Support Files/Pods-CXSwiftStudy/Pods-CXSwiftStudy.release.xcconfig"; sourceTree = "<group>"; };
		7072700B09593A1CA78BFB45 /* Pods-CXSwiftStudy.debug.xcconfig */ = {isa = PBXFileReference; includeInIndex = 1; lastKnownFileType = text.xcconfig; name = "Pods-CXSwiftStudy.debug.xcconfig"; path = "Pods/Target Support Files/Pods-CXSwiftStudy/Pods-CXSwiftStudy.debug.xcconfig"; sourceTree = "<group>"; };
		852CC13A2053C88B006F49AA /* CXUILabelViewController.swift */ = {isa = PBXFileReference; lastKnownFileType = sourcecode.swift; path = CXUILabelViewController.swift; sourceTree = "<group>"; };
		852CC13C2053D4DC006F49AA /* CXTextFieldViewController.swift */ = {isa = PBXFileReference; lastKnownFileType = sourcecode.swift; path = CXTextFieldViewController.swift; sourceTree = "<group>"; };
		852CC13E2053DF1F006F49AA /* CXUIButtonViewController.swift */ = {isa = PBXFileReference; lastKnownFileType = sourcecode.swift; path = CXUIButtonViewController.swift; sourceTree = "<group>"; };
		852CC14020577EA9006F49AA /* CXTraitsViewController.swift */ = {isa = PBXFileReference; lastKnownFileType = sourcecode.swift; path = CXTraitsViewController.swift; sourceTree = "<group>"; };
		852CF5EB20510EBC006B994D /* CXNSObject+Extension.swift */ = {isa = PBXFileReference; lastKnownFileType = sourcecode.swift; path = "CXNSObject+Extension.swift"; sourceTree = "<group>"; };
		852CF5ED20513944006B994D /* CXRuntimeTableViewController.swift */ = {isa = PBXFileReference; lastKnownFileType = sourcecode.swift; path = CXRuntimeTableViewController.swift; sourceTree = "<group>"; };
		855F2D9C204F8C7F006AC8C8 /* CXSnapKitViewController.swift */ = {isa = PBXFileReference; lastKnownFileType = sourcecode.swift; path = CXSnapKitViewController.swift; sourceTree = "<group>"; };
		855F2DA1204FBF28006AC8C8 /* CXRxSwiftViewController.swift */ = {isa = PBXFileReference; lastKnownFileType = sourcecode.swift; path = CXRxSwiftViewController.swift; sourceTree = "<group>"; };
		85B73B6E20538B3D00211433 /* CXObservableViewController.swift */ = {isa = PBXFileReference; lastKnownFileType = sourcecode.swift; path = CXObservableViewController.swift; sourceTree = "<group>"; };
		85B73B702053B96C00211433 /* CXConfigHeader.swift */ = {isa = PBXFileReference; lastKnownFileType = sourcecode.swift; path = CXConfigHeader.swift; sourceTree = "<group>"; };
		85EF71532050DF25004BDC56 /* CXRuntimeViewController.swift */ = {isa = PBXFileReference; lastKnownFileType = sourcecode.swift; path = CXRuntimeViewController.swift; sourceTree = "<group>"; };
		9E7CE03F0D07516996CF7A7E /* Pods_CXSwiftStudy.framework */ = {isa = PBXFileReference; explicitFileType = wrapper.framework; includeInIndex = 0; path = Pods_CXSwiftStudy.framework; sourceTree = BUILT_PRODUCTS_DIR; };
		D103819A1FEA308800D85EC1 /* CXMVPUserViewController.swift */ = {isa = PBXFileReference; lastKnownFileType = sourcecode.swift; path = CXMVPUserViewController.swift; sourceTree = "<group>"; };
		D103819C1FEA4E1500D85EC1 /* CXMVXUserInfoView.swift */ = {isa = PBXFileReference; lastKnownFileType = sourcecode.swift; path = CXMVXUserInfoView.swift; sourceTree = "<group>"; };
		D103819E1FEA4E1F00D85EC1 /* CXMVXUserInfoView.xib */ = {isa = PBXFileReference; lastKnownFileType = file.xib; path = CXMVXUserInfoView.xib; sourceTree = "<group>"; };
		D10381A21FEA4F6E00D85EC1 /* CXMVCUserInfoViewController.swift */ = {isa = PBXFileReference; lastKnownFileType = sourcecode.swift; path = CXMVCUserInfoViewController.swift; sourceTree = "<group>"; };
		D10DE39E1FBD926600EC07F2 /* CXProxy.swift */ = {isa = PBXFileReference; lastKnownFileType = sourcecode.swift; path = CXProxy.swift; sourceTree = "<group>"; };
		D111F8B41FC55CEF000F4EF7 /* CXFlyweight.swift */ = {isa = PBXFileReference; lastKnownFileType = sourcecode.swift; path = CXFlyweight.swift; sourceTree = "<group>"; };
		D111F8B61FC57179000F4EF7 /* CXBridge.swift */ = {isa = PBXFileReference; lastKnownFileType = sourcecode.swift; path = CXBridge.swift; sourceTree = "<group>"; };
		D11BAAAB1F33277500E21DF8 /* CXBlockViewController.swift */ = {isa = PBXFileReference; fileEncoding = 4; lastKnownFileType = sourcecode.swift; path = CXBlockViewController.swift; sourceTree = "<group>"; };
		D12317FD1FE75F1C008D0F77 /* CXMVCUserViewController.swift */ = {isa = PBXFileReference; lastKnownFileType = sourcecode.swift; path = CXMVCUserViewController.swift; sourceTree = "<group>"; };
		D12318031FE76D55008D0F77 /* CXMVXUser.swift */ = {isa = PBXFileReference; lastKnownFileType = sourcecode.swift; path = CXMVXUser.swift; sourceTree = "<group>"; };
		D12318051FE7919D008D0F77 /* CXMVCBlogViewController.swift */ = {isa = PBXFileReference; lastKnownFileType = sourcecode.swift; path = CXMVCBlogViewController.swift; sourceTree = "<group>"; };
		D12318071FE79920008D0F77 /* CXMVXBlogTableViewCell.swift */ = {isa = PBXFileReference; lastKnownFileType = sourcecode.swift; path = CXMVXBlogTableViewCell.swift; sourceTree = "<group>"; };
		D12318081FE79920008D0F77 /* CXMVXBlogTableViewCell.xib */ = {isa = PBXFileReference; lastKnownFileType = file.xib; path = CXMVXBlogTableViewCell.xib; sourceTree = "<group>"; };
		D123180B1FE7A533008D0F77 /* CXMVXBlog.swift */ = {isa = PBXFileReference; lastKnownFileType = sourcecode.swift; path = CXMVXBlog.swift; sourceTree = "<group>"; };
		D123180D1FE7A69B008D0F77 /* CXMVCBlogCellHelper.swift */ = {isa = PBXFileReference; lastKnownFileType = sourcecode.swift; path = CXMVCBlogCellHelper.swift; sourceTree = "<group>"; };
		D146F2EC1FC17C660014F0F2 /* CXDecorator.swift */ = {isa = PBXFileReference; lastKnownFileType = sourcecode.swift; path = CXDecorator.swift; sourceTree = "<group>"; };
		D15059DA1FC674620084DC0C /* CXStrategy.swift */ = {isa = PBXFileReference; lastKnownFileType = sourcecode.swift; path = CXStrategy.swift; sourceTree = "<group>"; };
		D15059DC1FC6A9C80084DC0C /* CXResponsibility.swift */ = {isa = PBXFileReference; lastKnownFileType = sourcecode.swift; path = CXResponsibility.swift; sourceTree = "<group>"; };
		D15059DE1FC6BF3F0084DC0C /* CXCommand.swift */ = {isa = PBXFileReference; lastKnownFileType = sourcecode.swift; path = CXCommand.swift; sourceTree = "<group>"; };
		D162DA7F1FB05D5000B8886A /* CXSingleton.swift */ = {isa = PBXFileReference; lastKnownFileType = sourcecode.swift; path = CXSingleton.swift; sourceTree = "<group>"; };
		D162DAA11FB1AA5C00B8886A /* CXFactory.swift */ = {isa = PBXFileReference; lastKnownFileType = sourcecode.swift; path = CXFactory.swift; sourceTree = "<group>"; };
		D162DAA31FB1AFE100B8886A /* CXTempViewController.swift */ = {isa = PBXFileReference; lastKnownFileType = sourcecode.swift; path = CXTempViewController.swift; sourceTree = "<group>"; };
		D162DAC31FB4AD8B00B8886A /* CXDesignViewController.swift */ = {isa = PBXFileReference; lastKnownFileType = sourcecode.swift; path = CXDesignViewController.swift; sourceTree = "<group>"; };
		D162DAC51FB584FC00B8886A /* CXBaseViewController.swift */ = {isa = PBXFileReference; lastKnownFileType = sourcecode.swift; path = CXBaseViewController.swift; sourceTree = "<group>"; };
		D16772241FBAE31F0076D0D1 /* CXPrototype.swift */ = {isa = PBXFileReference; lastKnownFileType = sourcecode.swift; path = CXPrototype.swift; sourceTree = "<group>"; };
		D1728F9E1FC8012E007B8ED4 /* CXMediator.swift */ = {isa = PBXFileReference; lastKnownFileType = sourcecode.swift; path = CXMediator.swift; sourceTree = "<group>"; };
		D1728FA01FC80F7A007B8ED4 /* CXTemplate.swift */ = {isa = PBXFileReference; lastKnownFileType = sourcecode.swift; path = CXTemplate.swift; sourceTree = "<group>"; };
		D1728FA21FC81A64007B8ED4 /* CXIterator.swift */ = {isa = PBXFileReference; lastKnownFileType = sourcecode.swift; path = CXIterator.swift; sourceTree = "<group>"; };
		D177B5BF1FC4093B00214E62 /* CXFacade.swift */ = {isa = PBXFileReference; lastKnownFileType = sourcecode.swift; path = CXFacade.swift; sourceTree = "<group>"; };
		D177B5C11FC479C900214E62 /* CXComposite.swift */ = {isa = PBXFileReference; lastKnownFileType = sourcecode.swift; path = CXComposite.swift; sourceTree = "<group>"; };
		D18748301F04F8000029B787 /* CollectionViewController.swift */ = {isa = PBXFileReference; fileEncoding = 4; lastKnownFileType = sourcecode.swift; path = CollectionViewController.swift; sourceTree = "<group>"; };
		D188A0DC1F95FDC5007800A3 /* BasicViewController.swift */ = {isa = PBXFileReference; lastKnownFileType = sourcecode.swift; path = BasicViewController.swift; sourceTree = "<group>"; };
		D18BA6F91F4C73EE007ED286 /* CXLocationViewController.swift */ = {isa = PBXFileReference; fileEncoding = 4; lastKnownFileType = sourcecode.swift; path = CXLocationViewController.swift; sourceTree = "<group>"; };
		D1A4EEC11FD4FA1400C96F82 /* CXMVXViewController.swift */ = {isa = PBXFileReference; lastKnownFileType = sourcecode.swift; path = CXMVXViewController.swift; sourceTree = "<group>"; };
		D1A4EEC31FD4FA3400C96F82 /* CXSimpleMVCController.swift */ = {isa = PBXFileReference; lastKnownFileType = sourcecode.swift; path = CXSimpleMVCController.swift; sourceTree = "<group>"; };
		D1A533121FB94EBE00C801EA /* CXBuilder.swift */ = {isa = PBXFileReference; lastKnownFileType = sourcecode.swift; path = CXBuilder.swift; sourceTree = "<group>"; };
		D1B48CE21FEAAB0F0016874E /* CXMVPUserInfoPresenter.swift */ = {isa = PBXFileReference; lastKnownFileType = sourcecode.swift; path = CXMVPUserInfoPresenter.swift; sourceTree = "<group>"; };
		D1B48CE41FEAACCE0016874E /* CXMVPUserInfoViewController.swift */ = {isa = PBXFileReference; lastKnownFileType = sourcecode.swift; path = CXMVPUserInfoViewController.swift; sourceTree = "<group>"; };
		D1BA48371E9E258D00B4DA26 /* CXSwiftStudy.app */ = {isa = PBXFileReference; explicitFileType = wrapper.application; includeInIndex = 0; path = CXSwiftStudy.app; sourceTree = BUILT_PRODUCTS_DIR; };
		D1BA483A1E9E258D00B4DA26 /* AppDelegate.swift */ = {isa = PBXFileReference; lastKnownFileType = sourcecode.swift; path = AppDelegate.swift; sourceTree = "<group>"; };
		D1BA483C1E9E258D00B4DA26 /* ViewController.swift */ = {isa = PBXFileReference; lastKnownFileType = sourcecode.swift; path = ViewController.swift; sourceTree = "<group>"; };
		D1BA483F1E9E258D00B4DA26 /* Base */ = {isa = PBXFileReference; lastKnownFileType = file.storyboard; name = Base; path = Base.lproj/Main.storyboard; sourceTree = "<group>"; };
		D1BA48411E9E258D00B4DA26 /* Assets.xcassets */ = {isa = PBXFileReference; lastKnownFileType = folder.assetcatalog; path = Assets.xcassets; sourceTree = "<group>"; };
		D1BA48441E9E258D00B4DA26 /* Base */ = {isa = PBXFileReference; lastKnownFileType = file.storyboard; name = Base; path = Base.lproj/LaunchScreen.storyboard; sourceTree = "<group>"; };
		D1BA48461E9E258D00B4DA26 /* Info.plist */ = {isa = PBXFileReference; lastKnownFileType = text.plist.xml; path = Info.plist; sourceTree = "<group>"; };
		D1CE46241FEB5D36004DE973 /* CXMVPBlogViewController.swift */ = {isa = PBXFileReference; lastKnownFileType = sourcecode.swift; path = CXMVPBlogViewController.swift; sourceTree = "<group>"; };
		D1CE46261FEB5DF5004DE973 /* CXMVPBlogViewPresenter.swift */ = {isa = PBXFileReference; lastKnownFileType = sourcecode.swift; path = CXMVPBlogViewPresenter.swift; sourceTree = "<group>"; };
		D1CE46281FEB5F73004DE973 /* CXMVPBlogCellPresenter.swift */ = {isa = PBXFileReference; lastKnownFileType = sourcecode.swift; path = CXMVPBlogCellPresenter.swift; sourceTree = "<group>"; };
		D1CE462B1FEB99E1004DE973 /* CXClassesViewController.swift */ = {isa = PBXFileReference; lastKnownFileType = sourcecode.swift; path = CXClassesViewController.swift; sourceTree = "<group>"; };
		D1D4C7011FCD4D1A00F07A51 /* CXVisitor.swift */ = {isa = PBXFileReference; lastKnownFileType = sourcecode.swift; path = CXVisitor.swift; sourceTree = "<group>"; };
		D1D5B26C1FC31F8B001AA6DC /* CXAdapter.swift */ = {isa = PBXFileReference; lastKnownFileType = sourcecode.swift; path = CXAdapter.swift; sourceTree = "<group>"; };
		D1E9890F1FCE4C8500364407 /* CXObserver.swift */ = {isa = PBXFileReference; lastKnownFileType = sourcecode.swift; path = CXObserver.swift; sourceTree = "<group>"; };
		D1E989111FCE57E900364407 /* CXInterpreter.swift */ = {isa = PBXFileReference; lastKnownFileType = sourcecode.swift; path = CXInterpreter.swift; sourceTree = "<group>"; };
		D1E989131FCE962E00364407 /* CXMemento.swift */ = {isa = PBXFileReference; lastKnownFileType = sourcecode.swift; path = CXMemento.swift; sourceTree = "<group>"; };
		D1E989151FCEAF4100364407 /* CXState.swift */ = {isa = PBXFileReference; lastKnownFileType = sourcecode.swift; path = CXState.swift; sourceTree = "<group>"; };
/* End PBXFileReference section */

/* Begin PBXFrameworksBuildPhase section */
		D1BA48341E9E258D00B4DA26 /* Frameworks */ = {
			isa = PBXFrameworksBuildPhase;
			buildActionMask = 2147483647;
			files = (
				E53306EF172961A128D65B74 /* Pods_CXSwiftStudy.framework in Frameworks */,
			);
			runOnlyForDeploymentPostprocessing = 0;
		};
/* End PBXFrameworksBuildPhase section */

/* Begin PBXGroup section */
		855F2D9B204F8C48006AC8C8 /* SnapKit */ = {
			isa = PBXGroup;
			children = (
				855F2D9C204F8C7F006AC8C8 /* CXSnapKitViewController.swift */,
			);
			path = SnapKit;
			sourceTree = "<group>";
		};
		855F2DA0204FBDAA006AC8C8 /* RxSwift */ = {
			isa = PBXGroup;
			children = (
				85B73B6D20538B1900211433 /* Basic */,
				855F2DA1204FBF28006AC8C8 /* CXRxSwiftViewController.swift */,
			);
			path = RxSwift;
			sourceTree = "<group>";
		};
		85B73B6D20538B1900211433 /* Basic */ = {
			isa = PBXGroup;
			children = (
				85B73B6E20538B3D00211433 /* CXObservableViewController.swift */,
				852CC14020577EA9006F49AA /* CXTraitsViewController.swift */,
				852CC13A2053C88B006F49AA /* CXUILabelViewController.swift */,
				852CC13C2053D4DC006F49AA /* CXTextFieldViewController.swift */,
				852CC13E2053DF1F006F49AA /* CXUIButtonViewController.swift */,
			);
			path = Basic;
			sourceTree = "<group>";
		};
		85EF71522050DEC7004BDC56 /* Runtime */ = {
			isa = PBXGroup;
			children = (
				85EF71532050DF25004BDC56 /* CXRuntimeViewController.swift */,
				852CF5ED20513944006B994D /* CXRuntimeTableViewController.swift */,
				852CF5EB20510EBC006B994D /* CXNSObject+Extension.swift */,
			);
			path = Runtime;
			sourceTree = "<group>";
		};
		862CE305E0F4AC78BE9C7808 /* Frameworks */ = {
			isa = PBXGroup;
			children = (
				9E7CE03F0D07516996CF7A7E /* Pods_CXSwiftStudy.framework */,
			);
			name = Frameworks;
			sourceTree = "<group>";
		};
		941A06C122AFBBF61EE3F6F8 /* Pods */ = {
			isa = PBXGroup;
			children = (
				7072700B09593A1CA78BFB45 /* Pods-CXSwiftStudy.debug.xcconfig */,
				51A5A5C2C01AD669BC9AF59E /* Pods-CXSwiftStudy.release.xcconfig */,
			);
			name = Pods;
			sourceTree = "<group>";
		};
		D10381951FE963C700D85EC1 /* MVP */ = {
			isa = PBXGroup;
			children = (
				D10381991FE9661300D85EC1 /* Scene */,
				D10381981FE9660B00D85EC1 /* View */,
				D10381961FE965E000D85EC1 /* Presenter */,
			);
			path = MVP;
			sourceTree = "<group>";
		};
		D10381961FE965E000D85EC1 /* Presenter */ = {
			isa = PBXGroup;
			children = (
				D1B48CE21FEAAB0F0016874E /* CXMVPUserInfoPresenter.swift */,
				D1CE46261FEB5DF5004DE973 /* CXMVPBlogViewPresenter.swift */,
				D1CE46281FEB5F73004DE973 /* CXMVPBlogCellPresenter.swift */,
			);
			path = Presenter;
			sourceTree = "<group>";
		};
		D10381981FE9660B00D85EC1 /* View */ = {
			isa = PBXGroup;
			children = (
				D1B48CE41FEAACCE0016874E /* CXMVPUserInfoViewController.swift */,
				D1CE46241FEB5D36004DE973 /* CXMVPBlogViewController.swift */,
			);
			path = View;
			sourceTree = "<group>";
		};
		D10381991FE9661300D85EC1 /* Scene */ = {
			isa = PBXGroup;
			children = (
				D103819A1FEA308800D85EC1 /* CXMVPUserViewController.swift */,
			);
			path = Scene;
			sourceTree = "<group>";
		};
		D12317F71FE75E19008D0F77 /* Scene */ = {
			isa = PBXGroup;
			children = (
				D12317FD1FE75F1C008D0F77 /* CXMVCUserViewController.swift */,
			);
			path = Scene;
			sourceTree = "<group>";
		};
		D12317F81FE75E2C008D0F77 /* Model */ = {
			isa = PBXGroup;
			children = (
				D12318031FE76D55008D0F77 /* CXMVXUser.swift */,
				D123180B1FE7A533008D0F77 /* CXMVXBlog.swift */,
			);
			path = Model;
			sourceTree = "<group>";
		};
		D12317F91FE75E3A008D0F77 /* View */ = {
			isa = PBXGroup;
			children = (
				D103819C1FEA4E1500D85EC1 /* CXMVXUserInfoView.swift */,
				D103819E1FEA4E1F00D85EC1 /* CXMVXUserInfoView.xib */,
				D12318071FE79920008D0F77 /* CXMVXBlogTableViewCell.swift */,
				D12318081FE79920008D0F77 /* CXMVXBlogTableViewCell.xib */,
			);
			path = View;
			sourceTree = "<group>";
		};
		D12317FA1FE75E44008D0F77 /* Controller */ = {
			isa = PBXGroup;
			children = (
				D10381A21FEA4F6E00D85EC1 /* CXMVCUserInfoViewController.swift */,
				D12318051FE7919D008D0F77 /* CXMVCBlogViewController.swift */,
				D123180D1FE7A69B008D0F77 /* CXMVCBlogCellHelper.swift */,
			);
			path = Controller;
			sourceTree = "<group>";
		};
		D162DA7E1FB05CA400B8886A /* design-mode */ = {
			isa = PBXGroup;
			children = (
				D162DAC31FB4AD8B00B8886A /* CXDesignViewController.swift */,
				D162DA7F1FB05D5000B8886A /* CXSingleton.swift */,
				D162DAA11FB1AA5C00B8886A /* CXFactory.swift */,
				D1A533121FB94EBE00C801EA /* CXBuilder.swift */,
				D16772241FBAE31F0076D0D1 /* CXPrototype.swift */,
				D10DE39E1FBD926600EC07F2 /* CXProxy.swift */,
				D146F2EC1FC17C660014F0F2 /* CXDecorator.swift */,
				D1D5B26C1FC31F8B001AA6DC /* CXAdapter.swift */,
				D177B5BF1FC4093B00214E62 /* CXFacade.swift */,
				D177B5C11FC479C900214E62 /* CXComposite.swift */,
				D111F8B41FC55CEF000F4EF7 /* CXFlyweight.swift */,
				D111F8B61FC57179000F4EF7 /* CXBridge.swift */,
				D15059DA1FC674620084DC0C /* CXStrategy.swift */,
				D15059DC1FC6A9C80084DC0C /* CXResponsibility.swift */,
				D15059DE1FC6BF3F0084DC0C /* CXCommand.swift */,
				D1728F9E1FC8012E007B8ED4 /* CXMediator.swift */,
				D1728FA01FC80F7A007B8ED4 /* CXTemplate.swift */,
				D1728FA21FC81A64007B8ED4 /* CXIterator.swift */,
				D1D4C7011FCD4D1A00F07A51 /* CXVisitor.swift */,
				D1E9890F1FCE4C8500364407 /* CXObserver.swift */,
				D1E989111FCE57E900364407 /* CXInterpreter.swift */,
				D1E989131FCE962E00364407 /* CXMemento.swift */,
				D1E989151FCEAF4100364407 /* CXState.swift */,
			);
			path = "design-mode";
			sourceTree = "<group>";
		};
		D18748251F04F7E80029B787 /* Classes */ = {
			isa = PBXGroup;
			children = (
				D1CE462B1FEB99E1004DE973 /* CXClassesViewController.swift */,
				85EF71522050DEC7004BDC56 /* Runtime */,
				D188A0D81F95D640007800A3 /* basic */,
				D18BA6F81F4C73D4007ED286 /* 定位 */,
				D18748261F04F7E80029B787 /* 闭包 */,
				D187482F1F04F7E80029B787 /* 集合 */,
			);
			path = Classes;
			sourceTree = "<group>";
		};
		D18748261F04F7E80029B787 /* 闭包 */ = {
			isa = PBXGroup;
			children = (
				D11BAAAB1F33277500E21DF8 /* CXBlockViewController.swift */,
			);
			path = "闭包";
			sourceTree = "<group>";
		};
		D187482F1F04F7E80029B787 /* 集合 */ = {
			isa = PBXGroup;
			children = (
				D18748301F04F8000029B787 /* CollectionViewController.swift */,
			);
			path = "集合";
			sourceTree = "<group>";
		};
		D188A0D81F95D640007800A3 /* basic */ = {
			isa = PBXGroup;
			children = (
				D188A0DC1F95FDC5007800A3 /* BasicViewController.swift */,
			);
			path = basic;
			sourceTree = "<group>";
		};
		D18BA6F81F4C73D4007ED286 /* 定位 */ = {
			isa = PBXGroup;
			children = (
				D18BA6F91F4C73EE007ED286 /* CXLocationViewController.swift */,
			);
			path = "定位";
			sourceTree = "<group>";
		};
		D1A4EEC01FD4F9F300C96F82 /* MVC */ = {
			isa = PBXGroup;
			children = (
				D12317F71FE75E19008D0F77 /* Scene */,
				D12317FA1FE75E44008D0F77 /* Controller */,
			);
			path = MVC;
			sourceTree = "<group>";
		};
		D1BA482E1E9E258D00B4DA26 = {
			isa = PBXGroup;
			children = (
				D1BA48391E9E258D00B4DA26 /* CXSwiftStudy */,
				D1BA48381E9E258D00B4DA26 /* Products */,
				941A06C122AFBBF61EE3F6F8 /* Pods */,
				862CE305E0F4AC78BE9C7808 /* Frameworks */,
			);
			sourceTree = "<group>";
		};
		D1BA48381E9E258D00B4DA26 /* Products */ = {
			isa = PBXGroup;
			children = (
				D1BA48371E9E258D00B4DA26 /* CXSwiftStudy.app */,
			);
			name = Products;
			sourceTree = "<group>";
		};
		D1BA48391E9E258D00B4DA26 /* CXSwiftStudy */ = {
			isa = PBXGroup;
			children = (
				D1FF72AC1FD125D00086AC55 /* framework */,
				D162DA7E1FB05CA400B8886A /* design-mode */,
				D18748251F04F7E80029B787 /* Classes */,
				D1BA483A1E9E258D00B4DA26 /* AppDelegate.swift */,
				D1BA483C1E9E258D00B4DA26 /* ViewController.swift */,
				D162DAC51FB584FC00B8886A /* CXBaseViewController.swift */,
				D162DAA31FB1AFE100B8886A /* CXTempViewController.swift */,
				85B73B702053B96C00211433 /* CXConfigHeader.swift */,
				D1BA483E1E9E258D00B4DA26 /* Main.storyboard */,
				D1BA48411E9E258D00B4DA26 /* Assets.xcassets */,
				D1BA48431E9E258D00B4DA26 /* LaunchScreen.storyboard */,
				D1BA48461E9E258D00B4DA26 /* Info.plist */,
			);
			path = CXSwiftStudy;
			sourceTree = "<group>";
		};
		D1CE462A1FEB7EA6004DE973 /* MVVM */ = {
			isa = PBXGroup;
			children = (
			);
			path = MVVM;
			sourceTree = "<group>";
		};
		D1FF72AC1FD125D00086AC55 /* framework */ = {
			isa = PBXGroup;
			children = (
				855F2DA0204FBDAA006AC8C8 /* RxSwift */,
				855F2D9B204F8C48006AC8C8 /* SnapKit */,
				D1FF72AD1FD125E90086AC55 /* MVX */,
			);
			path = framework;
			sourceTree = "<group>";
		};
		D1FF72AD1FD125E90086AC55 /* MVX */ = {
			isa = PBXGroup;
			children = (
				D12317F81FE75E2C008D0F77 /* Model */,
				D12317F91FE75E3A008D0F77 /* View */,
				D1A4EEC11FD4FA1400C96F82 /* CXMVXViewController.swift */,
				D1A4EEC31FD4FA3400C96F82 /* CXSimpleMVCController.swift */,
				D1A4EEC01FD4F9F300C96F82 /* MVC */,
				D10381951FE963C700D85EC1 /* MVP */,
				D1CE462A1FEB7EA6004DE973 /* MVVM */,
			);
			path = MVX;
			sourceTree = "<group>";
		};
/* End PBXGroup section */

/* Begin PBXNativeTarget section */
		D1BA48361E9E258D00B4DA26 /* CXSwiftStudy */ = {
			isa = PBXNativeTarget;
			buildConfigurationList = D1BA48491E9E258D00B4DA26 /* Build configuration list for PBXNativeTarget "CXSwiftStudy" */;
			buildPhases = (
				CAAF3097BAEB3A3FBD299A13 /* [CP] Check Pods Manifest.lock */,
				D1BA48331E9E258D00B4DA26 /* Sources */,
				D1BA48341E9E258D00B4DA26 /* Frameworks */,
				D1BA48351E9E258D00B4DA26 /* Resources */,
				19C97BE8F231DCC947A5B3E4 /* [CP] Embed Pods Frameworks */,
				3E6362A3F2FFD3F9E48E0135 /* [CP] Copy Pods Resources */,
			);
			buildRules = (
			);
			dependencies = (
			);
			name = CXSwiftStudy;
			productName = CXSwiftStudy;
			productReference = D1BA48371E9E258D00B4DA26 /* CXSwiftStudy.app */;
			productType = "com.apple.product-type.application";
		};
/* End PBXNativeTarget section */

/* Begin PBXProject section */
		D1BA482F1E9E258D00B4DA26 /* Project object */ = {
			isa = PBXProject;
			attributes = {
				CLASSPREFIX = CX;
				LastSwiftUpdateCheck = 0820;
				LastUpgradeCheck = 0820;
				ORGANIZATIONNAME = CX;
				TargetAttributes = {
					D1BA48361E9E258D00B4DA26 = {
						CreatedOnToolsVersion = 8.2.1;
						DevelopmentTeam = A4WT62AY62;
						ProvisioningStyle = Automatic;
						SystemCapabilities = {
							com.apple.BackgroundModes = {
								enabled = 1;
							};
						};
					};
				};
			};
			buildConfigurationList = D1BA48321E9E258D00B4DA26 /* Build configuration list for PBXProject "CXSwiftStudy" */;
			compatibilityVersion = "Xcode 3.2";
			developmentRegion = English;
			hasScannedForEncodings = 0;
			knownRegions = (
				en,
				Base,
			);
			mainGroup = D1BA482E1E9E258D00B4DA26;
			productRefGroup = D1BA48381E9E258D00B4DA26 /* Products */;
			projectDirPath = "";
			projectRoot = "";
			targets = (
				D1BA48361E9E258D00B4DA26 /* CXSwiftStudy */,
			);
		};
/* End PBXProject section */

/* Begin PBXResourcesBuildPhase section */
		D1BA48351E9E258D00B4DA26 /* Resources */ = {
			isa = PBXResourcesBuildPhase;
			buildActionMask = 2147483647;
			files = (
				D123180A1FE79920008D0F77 /* CXMVXBlogTableViewCell.xib in Resources */,
				D1BA48451E9E258D00B4DA26 /* LaunchScreen.storyboard in Resources */,
				D103819F1FEA4E1F00D85EC1 /* CXMVXUserInfoView.xib in Resources */,
				D1BA48421E9E258D00B4DA26 /* Assets.xcassets in Resources */,
				D1BA48401E9E258D00B4DA26 /* Main.storyboard in Resources */,
			);
			runOnlyForDeploymentPostprocessing = 0;
		};
/* End PBXResourcesBuildPhase section */

/* Begin PBXShellScriptBuildPhase section */
		19C97BE8F231DCC947A5B3E4 /* [CP] Embed Pods Frameworks */ = {
			isa = PBXShellScriptBuildPhase;
			buildActionMask = 2147483647;
			files = (
			);
			inputPaths = (
				"${SRCROOT}/Pods/Target Support Files/Pods-CXSwiftStudy/Pods-CXSwiftStudy-frameworks.sh",
				"${BUILT_PRODUCTS_DIR}/RxCocoa/RxCocoa.framework",
				"${BUILT_PRODUCTS_DIR}/RxSwift/RxSwift.framework",
				"${BUILT_PRODUCTS_DIR}/SnapKit/SnapKit.framework",
			);
			name = "[CP] Embed Pods Frameworks";
			outputPaths = (
				"${TARGET_BUILD_DIR}/${FRAMEWORKS_FOLDER_PATH}/RxCocoa.framework",
				"${TARGET_BUILD_DIR}/${FRAMEWORKS_FOLDER_PATH}/RxSwift.framework",
				"${TARGET_BUILD_DIR}/${FRAMEWORKS_FOLDER_PATH}/SnapKit.framework",
			);
			runOnlyForDeploymentPostprocessing = 0;
			shellPath = /bin/sh;
			shellScript = "\"${SRCROOT}/Pods/Target Support Files/Pods-CXSwiftStudy/Pods-CXSwiftStudy-frameworks.sh\"\n";
			showEnvVarsInLog = 0;
		};
		3E6362A3F2FFD3F9E48E0135 /* [CP] Copy Pods Resources */ = {
			isa = PBXShellScriptBuildPhase;
			buildActionMask = 2147483647;
			files = (
			);
			inputPaths = (
			);
			name = "[CP] Copy Pods Resources";
			outputPaths = (
			);
			runOnlyForDeploymentPostprocessing = 0;
			shellPath = /bin/sh;
			shellScript = "\"${SRCROOT}/Pods/Target Support Files/Pods-CXSwiftStudy/Pods-CXSwiftStudy-resources.sh\"\n";
			showEnvVarsInLog = 0;
		};
		CAAF3097BAEB3A3FBD299A13 /* [CP] Check Pods Manifest.lock */ = {
			isa = PBXShellScriptBuildPhase;
			buildActionMask = 2147483647;
			files = (
			);
			inputPaths = (
				"${PODS_PODFILE_DIR_PATH}/Podfile.lock",
				"${PODS_ROOT}/Manifest.lock",
			);
			name = "[CP] Check Pods Manifest.lock";
			outputPaths = (
				"$(DERIVED_FILE_DIR)/Pods-CXSwiftStudy-checkManifestLockResult.txt",
			);
			runOnlyForDeploymentPostprocessing = 0;
			shellPath = /bin/sh;
			shellScript = "diff \"${PODS_PODFILE_DIR_PATH}/Podfile.lock\" \"${PODS_ROOT}/Manifest.lock\" > /dev/null\nif [ $? != 0 ] ; then\n    # print error to STDERR\n    echo \"error: The sandbox is not in sync with the Podfile.lock. Run 'pod install' or update your CocoaPods installation.\" >&2\n    exit 1\nfi\n# This output is used by Xcode 'outputs' to avoid re-running this script phase.\necho \"SUCCESS\" > \"${SCRIPT_OUTPUT_FILE_0}\"\n";
			showEnvVarsInLog = 0;
		};
/* End PBXShellScriptBuildPhase section */

/* Begin PBXSourcesBuildPhase section */
		D1BA48331E9E258D00B4DA26 /* Sources */ = {
			isa = PBXSourcesBuildPhase;
			buildActionMask = 2147483647;
			files = (
				85EF71542050DF25004BDC56 /* CXRuntimeViewController.swift in Sources */,
				D1CE462C1FEB99E1004DE973 /* CXClassesViewController.swift in Sources */,
				D1B48CE51FEAACCE0016874E /* CXMVPUserInfoViewController.swift in Sources */,
				852CC14120577EA9006F49AA /* CXTraitsViewController.swift in Sources */,
				D123180C1FE7A533008D0F77 /* CXMVXBlog.swift in Sources */,
				85B73B712053B96C00211433 /* CXConfigHeader.swift in Sources */,
				D18748311F04F8000029B787 /* CollectionViewController.swift in Sources */,
				D188A0DD1F95FDC5007800A3 /* BasicViewController.swift in Sources */,
				D1E989121FCE57E900364407 /* CXInterpreter.swift in Sources */,
				852CF5EE20513944006B994D /* CXRuntimeTableViewController.swift in Sources */,
				D162DAA41FB1AFE100B8886A /* CXTempViewController.swift in Sources */,
				D12318061FE7919D008D0F77 /* CXMVCBlogViewController.swift in Sources */,
				D15059DB1FC674620084DC0C /* CXStrategy.swift in Sources */,
				855F2D9D204F8C7F006AC8C8 /* CXSnapKitViewController.swift in Sources */,
				D1BA483D1E9E258D00B4DA26 /* ViewController.swift in Sources */,
				D1728FA11FC80F7A007B8ED4 /* CXTemplate.swift in Sources */,
				D1A533131FB94EBE00C801EA /* CXBuilder.swift in Sources */,
				D10DE39F1FBD926600EC07F2 /* CXProxy.swift in Sources */,
				D1CE46251FEB5D36004DE973 /* CXMVPBlogViewController.swift in Sources */,
				D177B5C21FC479C900214E62 /* CXComposite.swift in Sources */,
				D15059DD1FC6A9C80084DC0C /* CXResponsibility.swift in Sources */,
				D1E989101FCE4C8500364407 /* CXObserver.swift in Sources */,
				852CF5EC20510EBC006B994D /* CXNSObject+Extension.swift in Sources */,
				D1D5B26D1FC31F8B001AA6DC /* CXAdapter.swift in Sources */,
				D103819D1FEA4E1500D85EC1 /* CXMVXUserInfoView.swift in Sources */,
				D1B48CE31FEAAB0F0016874E /* CXMVPUserInfoPresenter.swift in Sources */,
				D12318041FE76D55008D0F77 /* CXMVXUser.swift in Sources */,
				D1CE46291FEB5F73004DE973 /* CXMVPBlogCellPresenter.swift in Sources */,
				D162DA801FB05D5000B8886A /* CXSingleton.swift in Sources */,
				D111F8B71FC57179000F4EF7 /* CXBridge.swift in Sources */,
				D1CE46271FEB5DF5004DE973 /* CXMVPBlogViewPresenter.swift in Sources */,
				D10381A31FEA4F6E00D85EC1 /* CXMVCUserInfoViewController.swift in Sources */,
				D12317FE1FE75F1C008D0F77 /* CXMVCUserViewController.swift in Sources */,
				D1A4EEC21FD4FA1400C96F82 /* CXMVXViewController.swift in Sources */,
				852CC13F2053DF1F006F49AA /* CXUIButtonViewController.swift in Sources */,
				D1E989161FCEAF4100364407 /* CXState.swift in Sources */,
				D15059DF1FC6BF3F0084DC0C /* CXCommand.swift in Sources */,
				85B73B6F20538B3D00211433 /* CXObservableViewController.swift in Sources */,
				D1BA483B1E9E258D00B4DA26 /* AppDelegate.swift in Sources */,
				D162DAA21FB1AA5C00B8886A /* CXFactory.swift in Sources */,
				D162DAC41FB4AD8B00B8886A /* CXDesignViewController.swift in Sources */,
				D177B5C01FC4093B00214E62 /* CXFacade.swift in Sources */,
				D103819B1FEA308800D85EC1 /* CXMVPUserViewController.swift in Sources */,
				D18BA6FA1F4C73EE007ED286 /* CXLocationViewController.swift in Sources */,
				D111F8B51FC55CEF000F4EF7 /* CXFlyweight.swift in Sources */,
				D1728FA31FC81A64007B8ED4 /* CXIterator.swift in Sources */,
				D1A4EEC41FD4FA3400C96F82 /* CXSimpleMVCController.swift in Sources */,
				D1728F9F1FC8012E007B8ED4 /* CXMediator.swift in Sources */,
				D12318091FE79920008D0F77 /* CXMVXBlogTableViewCell.swift in Sources */,
				852CC13D2053D4DC006F49AA /* CXTextFieldViewController.swift in Sources */,
				D123180E1FE7A69B008D0F77 /* CXMVCBlogCellHelper.swift in Sources */,
				852CC13B2053C88B006F49AA /* CXUILabelViewController.swift in Sources */,
				855F2DA2204FBF28006AC8C8 /* CXRxSwiftViewController.swift in Sources */,
				D162DAC61FB584FC00B8886A /* CXBaseViewController.swift in Sources */,
				D146F2ED1FC17C660014F0F2 /* CXDecorator.swift in Sources */,
				D1E989141FCE962E00364407 /* CXMemento.swift in Sources */,
				D1D4C7021FCD4D1A00F07A51 /* CXVisitor.swift in Sources */,
				D11BAAAC1F33277500E21DF8 /* CXBlockViewController.swift in Sources */,
				D16772251FBAE31F0076D0D1 /* CXPrototype.swift in Sources */,
			);
			runOnlyForDeploymentPostprocessing = 0;
		};
/* End PBXSourcesBuildPhase section */

/* Begin PBXVariantGroup section */
		D1BA483E1E9E258D00B4DA26 /* Main.storyboard */ = {
			isa = PBXVariantGroup;
			children = (
				D1BA483F1E9E258D00B4DA26 /* Base */,
			);
			name = Main.storyboard;
			sourceTree = "<group>";
		};
		D1BA48431E9E258D00B4DA26 /* LaunchScreen.storyboard */ = {
			isa = PBXVariantGroup;
			children = (
				D1BA48441E9E258D00B4DA26 /* Base */,
			);
			name = LaunchScreen.storyboard;
			sourceTree = "<group>";
		};
/* End PBXVariantGroup section */

/* Begin XCBuildConfiguration section */
		D1BA48471E9E258D00B4DA26 /* Debug */ = {
			isa = XCBuildConfiguration;
			buildSettings = {
				ALWAYS_SEARCH_USER_PATHS = NO;
				CLANG_ANALYZER_NONNULL = YES;
				CLANG_CXX_LANGUAGE_STANDARD = "gnu++0x";
				CLANG_CXX_LIBRARY = "libc++";
				CLANG_ENABLE_MODULES = YES;
				CLANG_ENABLE_OBJC_ARC = YES;
				CLANG_WARN_BOOL_CONVERSION = YES;
				CLANG_WARN_CONSTANT_CONVERSION = YES;
				CLANG_WARN_DIRECT_OBJC_ISA_USAGE = YES_ERROR;
				CLANG_WARN_DOCUMENTATION_COMMENTS = YES;
				CLANG_WARN_EMPTY_BODY = YES;
				CLANG_WARN_ENUM_CONVERSION = YES;
				CLANG_WARN_INFINITE_RECURSION = YES;
				CLANG_WARN_INT_CONVERSION = YES;
				CLANG_WARN_OBJC_ROOT_CLASS = YES_ERROR;
				CLANG_WARN_SUSPICIOUS_MOVE = YES;
				CLANG_WARN_UNREACHABLE_CODE = YES;
				CLANG_WARN__DUPLICATE_METHOD_MATCH = YES;
				"CODE_SIGN_IDENTITY[sdk=iphoneos*]" = "iPhone Developer";
				COPY_PHASE_STRIP = NO;
				DEBUG_ACTIVITY_MODE = "";
				"DEBUG_ACTIVITY_MODE[arch=*]" = default;
				DEBUG_INFORMATION_FORMAT = dwarf;
				ENABLE_STRICT_OBJC_MSGSEND = YES;
				ENABLE_TESTABILITY = YES;
				GCC_C_LANGUAGE_STANDARD = gnu99;
				GCC_DYNAMIC_NO_PIC = NO;
				GCC_NO_COMMON_BLOCKS = YES;
				GCC_OPTIMIZATION_LEVEL = 0;
				GCC_PREPROCESSOR_DEFINITIONS = (
					"DEBUG=1",
					"$(inherited)",
				);
				GCC_WARN_64_TO_32_BIT_CONVERSION = YES;
				GCC_WARN_ABOUT_RETURN_TYPE = YES_ERROR;
				GCC_WARN_UNDECLARED_SELECTOR = YES;
				GCC_WARN_UNINITIALIZED_AUTOS = YES_AGGRESSIVE;
				GCC_WARN_UNUSED_FUNCTION = YES;
				GCC_WARN_UNUSED_VARIABLE = YES;
				IPHONEOS_DEPLOYMENT_TARGET = 9.1;
				MTL_ENABLE_DEBUG_INFO = YES;
				ONLY_ACTIVE_ARCH = YES;
				SDKROOT = iphoneos;
				SWIFT_ACTIVE_COMPILATION_CONDITIONS = DEBUG;
				SWIFT_OPTIMIZATION_LEVEL = "-Onone";
			};
			name = Debug;
		};
		D1BA48481E9E258D00B4DA26 /* Release */ = {
			isa = XCBuildConfiguration;
			buildSettings = {
				ALWAYS_SEARCH_USER_PATHS = NO;
				CLANG_ANALYZER_NONNULL = YES;
				CLANG_CXX_LANGUAGE_STANDARD = "gnu++0x";
				CLANG_CXX_LIBRARY = "libc++";
				CLANG_ENABLE_MODULES = YES;
				CLANG_ENABLE_OBJC_ARC = YES;
				CLANG_WARN_BOOL_CONVERSION = YES;
				CLANG_WARN_CONSTANT_CONVERSION = YES;
				CLANG_WARN_DIRECT_OBJC_ISA_USAGE = YES_ERROR;
				CLANG_WARN_DOCUMENTATION_COMMENTS = YES;
				CLANG_WARN_EMPTY_BODY = YES;
				CLANG_WARN_ENUM_CONVERSION = YES;
				CLANG_WARN_INFINITE_RECURSION = YES;
				CLANG_WARN_INT_CONVERSION = YES;
				CLANG_WARN_OBJC_ROOT_CLASS = YES_ERROR;
				CLANG_WARN_SUSPICIOUS_MOVE = YES;
				CLANG_WARN_UNREACHABLE_CODE = YES;
				CLANG_WARN__DUPLICATE_METHOD_MATCH = YES;
				"CODE_SIGN_IDENTITY[sdk=iphoneos*]" = "iPhone Developer";
				COPY_PHASE_STRIP = NO;
				DEBUG_ACTIVITY_MODE = "";
				DEBUG_INFORMATION_FORMAT = "dwarf-with-dsym";
				ENABLE_NS_ASSERTIONS = NO;
				ENABLE_STRICT_OBJC_MSGSEND = YES;
				GCC_C_LANGUAGE_STANDARD = gnu99;
				GCC_NO_COMMON_BLOCKS = YES;
				GCC_WARN_64_TO_32_BIT_CONVERSION = YES;
				GCC_WARN_ABOUT_RETURN_TYPE = YES_ERROR;
				GCC_WARN_UNDECLARED_SELECTOR = YES;
				GCC_WARN_UNINITIALIZED_AUTOS = YES_AGGRESSIVE;
				GCC_WARN_UNUSED_FUNCTION = YES;
				GCC_WARN_UNUSED_VARIABLE = YES;
				IPHONEOS_DEPLOYMENT_TARGET = 9.1;
				MTL_ENABLE_DEBUG_INFO = NO;
				SDKROOT = iphoneos;
				SWIFT_OPTIMIZATION_LEVEL = "-Owholemodule";
				VALIDATE_PRODUCT = YES;
			};
			name = Release;
		};
		D1BA484A1E9E258D00B4DA26 /* Debug */ = {
			isa = XCBuildConfiguration;
			baseConfigurationReference = 7072700B09593A1CA78BFB45 /* Pods-CXSwiftStudy.debug.xcconfig */;
			buildSettings = {
				ASSETCATALOG_COMPILER_APPICON_NAME = AppIcon;
				DEVELOPMENT_TEAM = A4WT62AY62;
				INFOPLIST_FILE = CXSwiftStudy/Info.plist;
				IPHONEOS_DEPLOYMENT_TARGET = 10.0;
				LD_RUNPATH_SEARCH_PATHS = "$(inherited) @executable_path/Frameworks";
				PRODUCT_BUNDLE_IDENTIFIER = CX.CXSwiftStudy;
				PRODUCT_NAME = "$(TARGET_NAME)";
				SWIFT_VERSION = 3.0;
			};
			name = Debug;
		};
		D1BA484B1E9E258D00B4DA26 /* Release */ = {
			isa = XCBuildConfiguration;
			baseConfigurationReference = 51A5A5C2C01AD669BC9AF59E /* Pods-CXSwiftStudy.release.xcconfig */;
			buildSettings = {
				ASSETCATALOG_COMPILER_APPICON_NAME = AppIcon;
				DEVELOPMENT_TEAM = A4WT62AY62;
				INFOPLIST_FILE = CXSwiftStudy/Info.plist;
				IPHONEOS_DEPLOYMENT_TARGET = 10.0;
				LD_RUNPATH_SEARCH_PATHS = "$(inherited) @executable_path/Frameworks";
				PRODUCT_BUNDLE_IDENTIFIER = CX.CXSwiftStudy;
				PRODUCT_NAME = "$(TARGET_NAME)";
				SWIFT_VERSION = 3.0;
			};
			name = Release;
		};
/* End XCBuildConfiguration section */

/* Begin XCConfigurationList section */
		D1BA48321E9E258D00B4DA26 /* Build configuration list for PBXProject "CXSwiftStudy" */ = {
			isa = XCConfigurationList;
			buildConfigurations = (
				D1BA48471E9E258D00B4DA26 /* Debug */,
				D1BA48481E9E258D00B4DA26 /* Release */,
			);
			defaultConfigurationIsVisible = 0;
			defaultConfigurationName = Release;
		};
		D1BA48491E9E258D00B4DA26 /* Build configuration list for PBXNativeTarget "CXSwiftStudy" */ = {
			isa = XCConfigurationList;
			buildConfigurations = (
				D1BA484A1E9E258D00B4DA26 /* Debug */,
				D1BA484B1E9E258D00B4DA26 /* Release */,
			);
			defaultConfigurationIsVisible = 0;
			defaultConfigurationName = Release;
		};
/* End XCConfigurationList section */
	};
	rootObject = D1BA482F1E9E258D00B4DA26 /* Project object */;
}
