// !$*UTF8*$!
{
	archiveVersion = 1;
	classes = {
	};
	objectVersion = 46;
	objects = {

/* Begin PBXBuildFile section */
		5A8F7D24F1254DF2106AB84F /* libPods-CXOCStudy.a in Frameworks */ = {isa = PBXBuildFile; fileRef = 48738AC6797F7CDE9F0BC002 /* libPods-CXOCStudy.a */; };
		D109AB3F1F34762100AB39D6 /* CXKVOOrKVCViewController.m in Sources */ = {isa = PBXBuildFile; fileRef = D109AB3E1F34762100AB39D6 /* CXKVOOrKVCViewController.m */; };
		D109AB431F34766900AB39D6 /* CXPerson.m in Sources */ = {isa = PBXBuildFile; fileRef = D109AB421F34766900AB39D6 /* CXPerson.m */; };
		D18748211F00A8980029B787 /* CollectionViewController.m in Sources */ = {isa = PBXBuildFile; fileRef = D18748201F00A8980029B787 /* CollectionViewController.m */; };
		D1A9D5C31F29CF9400DEB1BD /* BlockViewController.m in Sources */ = {isa = PBXBuildFile; fileRef = D1A9D5C21F29CF9400DEB1BD /* BlockViewController.m */; };
		D1A9D5C61F29D73D00DEB1BD /* CXBaseViewController.m in Sources */ = {isa = PBXBuildFile; fileRef = D1A9D5C51F29D73D00DEB1BD /* CXBaseViewController.m */; };
		D1BA485A1E9E265800B4DA26 /* main.m in Sources */ = {isa = PBXBuildFile; fileRef = D1BA48591E9E265800B4DA26 /* main.m */; };
		D1BA485D1E9E265800B4DA26 /* AppDelegate.m in Sources */ = {isa = PBXBuildFile; fileRef = D1BA485C1E9E265800B4DA26 /* AppDelegate.m */; };
		D1BA48601E9E265800B4DA26 /* ViewController.m in Sources */ = {isa = PBXBuildFile; fileRef = D1BA485F1E9E265800B4DA26 /* ViewController.m */; };
		D1BA48631E9E265800B4DA26 /* Main.storyboard in Resources */ = {isa = PBXBuildFile; fileRef = D1BA48611E9E265800B4DA26 /* Main.storyboard */; };
		D1BA48651E9E265800B4DA26 /* Assets.xcassets in Resources */ = {isa = PBXBuildFile; fileRef = D1BA48641E9E265800B4DA26 /* Assets.xcassets */; };
		D1BA48681E9E265800B4DA26 /* LaunchScreen.storyboard in Resources */ = {isa = PBXBuildFile; fileRef = D1BA48661E9E265800B4DA26 /* LaunchScreen.storyboard */; };
/* End PBXBuildFile section */

/* Begin PBXFileReference section */
		48738AC6797F7CDE9F0BC002 /* libPods-CXOCStudy.a */ = {isa = PBXFileReference; explicitFileType = archive.ar; includeInIndex = 0; path = "libPods-CXOCStudy.a"; sourceTree = BUILT_PRODUCTS_DIR; };
		A23526A7598BFFBBAD79C41E /* Pods-CXOCStudy.release.xcconfig */ = {isa = PBXFileReference; includeInIndex = 1; lastKnownFileType = text.xcconfig; name = "Pods-CXOCStudy.release.xcconfig"; path = "Pods/Target Support Files/Pods-CXOCStudy/Pods-CXOCStudy.release.xcconfig"; sourceTree = "<group>"; };
		D109AB3D1F34762100AB39D6 /* CXKVOOrKVCViewController.h */ = {isa = PBXFileReference; fileEncoding = 4; lastKnownFileType = sourcecode.c.h; path = CXKVOOrKVCViewController.h; sourceTree = "<group>"; };
		D109AB3E1F34762100AB39D6 /* CXKVOOrKVCViewController.m */ = {isa = PBXFileReference; fileEncoding = 4; lastKnownFileType = sourcecode.c.objc; path = CXKVOOrKVCViewController.m; sourceTree = "<group>"; };
		D109AB411F34766900AB39D6 /* CXPerson.h */ = {isa = PBXFileReference; fileEncoding = 4; lastKnownFileType = sourcecode.c.h; path = CXPerson.h; sourceTree = "<group>"; };
		D109AB421F34766900AB39D6 /* CXPerson.m */ = {isa = PBXFileReference; fileEncoding = 4; lastKnownFileType = sourcecode.c.objc; path = CXPerson.m; sourceTree = "<group>"; };
		D187481F1F00A8980029B787 /* CollectionViewController.h */ = {isa = PBXFileReference; fileEncoding = 4; lastKnownFileType = sourcecode.c.h; path = CollectionViewController.h; sourceTree = "<group>"; };
		D18748201F00A8980029B787 /* CollectionViewController.m */ = {isa = PBXFileReference; fileEncoding = 4; lastKnownFileType = sourcecode.c.objc; path = CollectionViewController.m; sourceTree = "<group>"; };
		D1A9D5C11F29CF9400DEB1BD /* BlockViewController.h */ = {isa = PBXFileReference; fileEncoding = 4; lastKnownFileType = sourcecode.c.h; path = BlockViewController.h; sourceTree = "<group>"; };
		D1A9D5C21F29CF9400DEB1BD /* BlockViewController.m */ = {isa = PBXFileReference; fileEncoding = 4; lastKnownFileType = sourcecode.c.objc; path = BlockViewController.m; sourceTree = "<group>"; };
		D1A9D5C41F29D73D00DEB1BD /* CXBaseViewController.h */ = {isa = PBXFileReference; fileEncoding = 4; lastKnownFileType = sourcecode.c.h; path = CXBaseViewController.h; sourceTree = "<group>"; };
		D1A9D5C51F29D73D00DEB1BD /* CXBaseViewController.m */ = {isa = PBXFileReference; fileEncoding = 4; lastKnownFileType = sourcecode.c.objc; path = CXBaseViewController.m; sourceTree = "<group>"; };
		D1A9D5C71F29DE8700DEB1BD /* CXHeader.h */ = {isa = PBXFileReference; lastKnownFileType = sourcecode.c.h; path = CXHeader.h; sourceTree = "<group>"; };
		D1BA48551E9E265800B4DA26 /* CXOCStudy.app */ = {isa = PBXFileReference; explicitFileType = wrapper.application; includeInIndex = 0; path = CXOCStudy.app; sourceTree = BUILT_PRODUCTS_DIR; };
		D1BA48591E9E265800B4DA26 /* main.m */ = {isa = PBXFileReference; lastKnownFileType = sourcecode.c.objc; path = main.m; sourceTree = "<group>"; };
		D1BA485B1E9E265800B4DA26 /* AppDelegate.h */ = {isa = PBXFileReference; lastKnownFileType = sourcecode.c.h; path = AppDelegate.h; sourceTree = "<group>"; };
		D1BA485C1E9E265800B4DA26 /* AppDelegate.m */ = {isa = PBXFileReference; lastKnownFileType = sourcecode.c.objc; path = AppDelegate.m; sourceTree = "<group>"; };
		D1BA485E1E9E265800B4DA26 /* ViewController.h */ = {isa = PBXFileReference; lastKnownFileType = sourcecode.c.h; path = ViewController.h; sourceTree = "<group>"; };
		D1BA485F1E9E265800B4DA26 /* ViewController.m */ = {isa = PBXFileReference; lastKnownFileType = sourcecode.c.objc; path = ViewController.m; sourceTree = "<group>"; };
		D1BA48621E9E265800B4DA26 /* Base */ = {isa = PBXFileReference; lastKnownFileType = file.storyboard; name = Base; path = Base.lproj/Main.storyboard; sourceTree = "<group>"; };
		D1BA48641E9E265800B4DA26 /* Assets.xcassets */ = {isa = PBXFileReference; lastKnownFileType = folder.assetcatalog; path = Assets.xcassets; sourceTree = "<group>"; };
		D1BA48671E9E265800B4DA26 /* Base */ = {isa = PBXFileReference; lastKnownFileType = file.storyboard; name = Base; path = Base.lproj/LaunchScreen.storyboard; sourceTree = "<group>"; };
		D1BA48691E9E265800B4DA26 /* Info.plist */ = {isa = PBXFileReference; lastKnownFileType = text.plist.xml; path = Info.plist; sourceTree = "<group>"; };
		F97011665520BF738C7A78F1 /* Pods-CXOCStudy.debug.xcconfig */ = {isa = PBXFileReference; includeInIndex = 1; lastKnownFileType = text.xcconfig; name = "Pods-CXOCStudy.debug.xcconfig"; path = "Pods/Target Support Files/Pods-CXOCStudy/Pods-CXOCStudy.debug.xcconfig"; sourceTree = "<group>"; };
/* End PBXFileReference section */

/* Begin PBXFrameworksBuildPhase section */
		D1BA48521E9E265800B4DA26 /* Frameworks */ = {
			isa = PBXFrameworksBuildPhase;
			buildActionMask = 2147483647;
			files = (
				5A8F7D24F1254DF2106AB84F /* libPods-CXOCStudy.a in Frameworks */,
			);
			runOnlyForDeploymentPostprocessing = 0;
		};
/* End PBXFrameworksBuildPhase section */

/* Begin PBXGroup section */
		1845BC4CF6447E96244B9371 /* Pods */ = {
			isa = PBXGroup;
			children = (
				F97011665520BF738C7A78F1 /* Pods-CXOCStudy.debug.xcconfig */,
				A23526A7598BFFBBAD79C41E /* Pods-CXOCStudy.release.xcconfig */,
			);
			name = Pods;
			sourceTree = "<group>";
		};
		4D49F43FADFF33DEC9C38647 /* Frameworks */ = {
			isa = PBXGroup;
			children = (
				48738AC6797F7CDE9F0BC002 /* libPods-CXOCStudy.a */,
			);
			name = Frameworks;
			sourceTree = "<group>";
		};
		D1029AAD1F414F740079BE95 /* 自动布局 */ = {
			isa = PBXGroup;
			children = (
			);
			path = "自动布局";
			sourceTree = "<group>";
		};
		D109AB3C1F34760100AB39D6 /* KVC:KVO */ = {
			isa = PBXGroup;
			children = (
				D109AB3D1F34762100AB39D6 /* CXKVOOrKVCViewController.h */,
				D109AB3E1F34762100AB39D6 /* CXKVOOrKVCViewController.m */,
			);
			path = "KVC:KVO";
			sourceTree = "<group>";
		};
		D109AB401F34765500AB39D6 /* Model */ = {
			isa = PBXGroup;
			children = (
				D109AB411F34766900AB39D6 /* CXPerson.h */,
				D109AB421F34766900AB39D6 /* CXPerson.m */,
			);
			path = Model;
			sourceTree = "<group>";
		};
		D18748141F00A84E0029B787 /* Classes */ = {
			isa = PBXGroup;
			children = (
				D1029AAD1F414F740079BE95 /* 自动布局 */,
				D109AB401F34765500AB39D6 /* Model */,
				D109AB3C1F34760100AB39D6 /* KVC:KVO */,
				D18748151F00A84E0029B787 /* block */,
				D18748161F00A84E0029B787 /* 内存 */,
				D18748171F00A84E0029B787 /* 动画 */,
				D18748181F00A84E0029B787 /* 单元测试 */,
				D18748191F00A84E0029B787 /* 多线程 */,
				D187481A1F00A84E0029B787 /* 性能检测及优化 */,
				D187481B1F00A84E0029B787 /* 控制器 */,
				D187481C1F00A84E0029B787 /* 流媒体 */,
				D187481D1F00A84E0029B787 /* 网络 */,
				D187481E1F00A84E0029B787 /* 集合 */,
			);
			path = Classes;
			sourceTree = "<group>";
		};
		D18748151F00A84E0029B787 /* block */ = {
			isa = PBXGroup;
			children = (
				D1A9D5C11F29CF9400DEB1BD /* BlockViewController.h */,
				D1A9D5C21F29CF9400DEB1BD /* BlockViewController.m */,
			);
			path = block;
			sourceTree = "<group>";
		};
		D18748161F00A84E0029B787 /* 内存 */ = {
			isa = PBXGroup;
			children = (
			);
			path = "内存";
			sourceTree = "<group>";
		};
		D18748171F00A84E0029B787 /* 动画 */ = {
			isa = PBXGroup;
			children = (
			);
			path = "动画";
			sourceTree = "<group>";
		};
		D18748181F00A84E0029B787 /* 单元测试 */ = {
			isa = PBXGroup;
			children = (
			);
			path = "单元测试";
			sourceTree = "<group>";
		};
		D18748191F00A84E0029B787 /* 多线程 */ = {
			isa = PBXGroup;
			children = (
			);
			path = "多线程";
			sourceTree = "<group>";
		};
		D187481A1F00A84E0029B787 /* 性能检测及优化 */ = {
			isa = PBXGroup;
			children = (
			);
			path = "性能检测及优化";
			sourceTree = "<group>";
		};
		D187481B1F00A84E0029B787 /* 控制器 */ = {
			isa = PBXGroup;
			children = (
			);
			path = "控制器";
			sourceTree = "<group>";
		};
		D187481C1F00A84E0029B787 /* 流媒体 */ = {
			isa = PBXGroup;
			children = (
			);
			path = "流媒体";
			sourceTree = "<group>";
		};
		D187481D1F00A84E0029B787 /* 网络 */ = {
			isa = PBXGroup;
			children = (
			);
			path = "网络";
			sourceTree = "<group>";
		};
		D187481E1F00A84E0029B787 /* 集合 */ = {
			isa = PBXGroup;
			children = (
				D187481F1F00A8980029B787 /* CollectionViewController.h */,
				D18748201F00A8980029B787 /* CollectionViewController.m */,
			);
			path = "集合";
			sourceTree = "<group>";
		};
		D1BA484C1E9E265800B4DA26 = {
			isa = PBXGroup;
			children = (
				D1BA48571E9E265800B4DA26 /* CXOCStudy */,
				D1BA48561E9E265800B4DA26 /* Products */,
				1845BC4CF6447E96244B9371 /* Pods */,
				4D49F43FADFF33DEC9C38647 /* Frameworks */,
			);
			sourceTree = "<group>";
		};
		D1BA48561E9E265800B4DA26 /* Products */ = {
			isa = PBXGroup;
			children = (
				D1BA48551E9E265800B4DA26 /* CXOCStudy.app */,
			);
			name = Products;
			sourceTree = "<group>";
		};
		D1BA48571E9E265800B4DA26 /* CXOCStudy */ = {
			isa = PBXGroup;
			children = (
				D18748141F00A84E0029B787 /* Classes */,
				D1BA485B1E9E265800B4DA26 /* AppDelegate.h */,
				D1BA485C1E9E265800B4DA26 /* AppDelegate.m */,
				D1BA485E1E9E265800B4DA26 /* ViewController.h */,
				D1BA485F1E9E265800B4DA26 /* ViewController.m */,
				D1A9D5C41F29D73D00DEB1BD /* CXBaseViewController.h */,
				D1A9D5C51F29D73D00DEB1BD /* CXBaseViewController.m */,
				D1A9D5C71F29DE8700DEB1BD /* CXHeader.h */,
				D1BA48611E9E265800B4DA26 /* Main.storyboard */,
				D1BA48641E9E265800B4DA26 /* Assets.xcassets */,
				D1BA48661E9E265800B4DA26 /* LaunchScreen.storyboard */,
				D1BA48691E9E265800B4DA26 /* Info.plist */,
				D1BA48581E9E265800B4DA26 /* Supporting Files */,
			);
			path = CXOCStudy;
			sourceTree = "<group>";
		};
		D1BA48581E9E265800B4DA26 /* Supporting Files */ = {
			isa = PBXGroup;
			children = (
				D1BA48591E9E265800B4DA26 /* main.m */,
			);
			name = "Supporting Files";
			sourceTree = "<group>";
		};
/* End PBXGroup section */

/* Begin PBXNativeTarget section */
		D1BA48541E9E265800B4DA26 /* CXOCStudy */ = {
			isa = PBXNativeTarget;
			buildConfigurationList = D1BA486C1E9E265800B4DA26 /* Build configuration list for PBXNativeTarget "CXOCStudy" */;
			buildPhases = (
				0906CAC284FFC19DC8F8C194 /* [CP] Check Pods Manifest.lock */,
				D1BA48511E9E265800B4DA26 /* Sources */,
				D1BA48521E9E265800B4DA26 /* Frameworks */,
				D1BA48531E9E265800B4DA26 /* Resources */,
				DDBF828AD32ABBA62B73CCFD /* [CP] Embed Pods Frameworks */,
				C6E66704027CB925D3F75C88 /* [CP] Copy Pods Resources */,
			);
			buildRules = (
			);
			dependencies = (
			);
			name = CXOCStudy;
			productName = CXOCStudy;
			productReference = D1BA48551E9E265800B4DA26 /* CXOCStudy.app */;
			productType = "com.apple.product-type.application";
		};
/* End PBXNativeTarget section */

/* Begin PBXProject section */
		D1BA484D1E9E265800B4DA26 /* Project object */ = {
			isa = PBXProject;
			attributes = {
				CLASSPREFIX = CX;
				LastUpgradeCheck = 0820;
				ORGANIZATIONNAME = CX;
				TargetAttributes = {
					D1BA48541E9E265800B4DA26 = {
						CreatedOnToolsVersion = 8.2.1;
						DevelopmentTeam = 862YF45JD7;
						ProvisioningStyle = Automatic;
					};
				};
			};
			buildConfigurationList = D1BA48501E9E265800B4DA26 /* Build configuration list for PBXProject "CXOCStudy" */;
			compatibilityVersion = "Xcode 3.2";
			developmentRegion = English;
			hasScannedForEncodings = 0;
			knownRegions = (
				en,
				Base,
			);
			mainGroup = D1BA484C1E9E265800B4DA26;
			productRefGroup = D1BA48561E9E265800B4DA26 /* Products */;
			projectDirPath = "";
			projectRoot = "";
			targets = (
				D1BA48541E9E265800B4DA26 /* CXOCStudy */,
			);
		};
/* End PBXProject section */

/* Begin PBXResourcesBuildPhase section */
		D1BA48531E9E265800B4DA26 /* Resources */ = {
			isa = PBXResourcesBuildPhase;
			buildActionMask = 2147483647;
			files = (
				D1BA48681E9E265800B4DA26 /* LaunchScreen.storyboard in Resources */,
				D1BA48651E9E265800B4DA26 /* Assets.xcassets in Resources */,
				D1BA48631E9E265800B4DA26 /* Main.storyboard in Resources */,
			);
			runOnlyForDeploymentPostprocessing = 0;
		};
/* End PBXResourcesBuildPhase section */

/* Begin PBXShellScriptBuildPhase section */
		0906CAC284FFC19DC8F8C194 /* [CP] Check Pods Manifest.lock */ = {
			isa = PBXShellScriptBuildPhase;
			buildActionMask = 2147483647;
			files = (
			);
			inputPaths = (
			);
			name = "[CP] Check Pods Manifest.lock";
			outputPaths = (
			);
			runOnlyForDeploymentPostprocessing = 0;
			shellPath = /bin/sh;
			shellScript = "diff \"${PODS_ROOT}/../Podfile.lock\" \"${PODS_ROOT}/Manifest.lock\" > /dev/null\nif [[ $? != 0 ]] ; then\n    cat << EOM\nerror: The sandbox is not in sync with the Podfile.lock. Run 'pod install' or update your CocoaPods installation.\nEOM\n    exit 1\nfi\n";
			showEnvVarsInLog = 0;
		};
		C6E66704027CB925D3F75C88 /* [CP] Copy Pods Resources */ = {
			isa = PBXShellScriptBuildPhase;
			buildActionMask = 2147483647;
			files = (
			);
			inputPaths = (
			);
			name = "[CP] Copy Pods Resources";
			outputPaths = (
			);
			runOnlyForDeploymentPostprocessing = 0;
			shellPath = /bin/sh;
			shellScript = "\"${SRCROOT}/Pods/Target Support Files/Pods-CXOCStudy/Pods-CXOCStudy-resources.sh\"\n";
			showEnvVarsInLog = 0;
		};
		DDBF828AD32ABBA62B73CCFD /* [CP] Embed Pods Frameworks */ = {
			isa = PBXShellScriptBuildPhase;
			buildActionMask = 2147483647;
			files = (
			);
			inputPaths = (
			);
			name = "[CP] Embed Pods Frameworks";
			outputPaths = (
			);
			runOnlyForDeploymentPostprocessing = 0;
			shellPath = /bin/sh;
			shellScript = "\"${SRCROOT}/Pods/Target Support Files/Pods-CXOCStudy/Pods-CXOCStudy-frameworks.sh\"\n";
			showEnvVarsInLog = 0;
		};
/* End PBXShellScriptBuildPhase section */

/* Begin PBXSourcesBuildPhase section */
		D1BA48511E9E265800B4DA26 /* Sources */ = {
			isa = PBXSourcesBuildPhase;
			buildActionMask = 2147483647;
			files = (
				D1A9D5C61F29D73D00DEB1BD /* CXBaseViewController.m in Sources */,
				D18748211F00A8980029B787 /* CollectionViewController.m in Sources */,
				D1BA48601E9E265800B4DA26 /* ViewController.m in Sources */,
				D109AB3F1F34762100AB39D6 /* CXKVOOrKVCViewController.m in Sources */,
				D1BA485D1E9E265800B4DA26 /* AppDelegate.m in Sources */,
				D1A9D5C31F29CF9400DEB1BD /* BlockViewController.m in Sources */,
				D1BA485A1E9E265800B4DA26 /* main.m in Sources */,
				D109AB431F34766900AB39D6 /* CXPerson.m in Sources */,
			);
			runOnlyForDeploymentPostprocessing = 0;
		};
/* End PBXSourcesBuildPhase section */

/* Begin PBXVariantGroup section */
		D1BA48611E9E265800B4DA26 /* Main.storyboard */ = {
			isa = PBXVariantGroup;
			children = (
				D1BA48621E9E265800B4DA26 /* Base */,
			);
			name = Main.storyboard;
			sourceTree = "<group>";
		};
		D1BA48661E9E265800B4DA26 /* LaunchScreen.storyboard */ = {
			isa = PBXVariantGroup;
			children = (
				D1BA48671E9E265800B4DA26 /* Base */,
			);
			name = LaunchScreen.storyboard;
			sourceTree = "<group>";
		};
/* End PBXVariantGroup section */

/* Begin XCBuildConfiguration section */
		D1BA486A1E9E265800B4DA26 /* Debug */ = {
			isa = XCBuildConfiguration;
			buildSettings = {
				ALWAYS_SEARCH_USER_PATHS = NO;
				CLANG_ANALYZER_NONNULL = YES;
				CLANG_CXX_LANGUAGE_STANDARD = "gnu++0x";
				CLANG_CXX_LIBRARY = "libc++";
				CLANG_ENABLE_MODULES = YES;
				CLANG_ENABLE_OBJC_ARC = YES;
				CLANG_WARN_BOOL_CONVERSION = YES;
				CLANG_WARN_CONSTANT_CONVERSION = YES;
				CLANG_WARN_DIRECT_OBJC_ISA_USAGE = YES_ERROR;
				CLANG_WARN_DOCUMENTATION_COMMENTS = YES;
				CLANG_WARN_EMPTY_BODY = YES;
				CLANG_WARN_ENUM_CONVERSION = YES;
				CLANG_WARN_INFINITE_RECURSION = YES;
				CLANG_WARN_INT_CONVERSION = YES;
				CLANG_WARN_OBJC_ROOT_CLASS = YES_ERROR;
				CLANG_WARN_SUSPICIOUS_MOVE = YES;
				CLANG_WARN_UNREACHABLE_CODE = YES;
				CLANG_WARN__DUPLICATE_METHOD_MATCH = YES;
				"CODE_SIGN_IDENTITY[sdk=iphoneos*]" = "iPhone Developer";
				COPY_PHASE_STRIP = NO;
				DEBUG_INFORMATION_FORMAT = dwarf;
				ENABLE_STRICT_OBJC_MSGSEND = YES;
				ENABLE_TESTABILITY = YES;
				GCC_C_LANGUAGE_STANDARD = gnu99;
				GCC_DYNAMIC_NO_PIC = NO;
				GCC_NO_COMMON_BLOCKS = YES;
				GCC_OPTIMIZATION_LEVEL = 0;
				GCC_PREPROCESSOR_DEFINITIONS = (
					"DEBUG=1",
					"$(inherited)",
				);
				GCC_WARN_64_TO_32_BIT_CONVERSION = YES;
				GCC_WARN_ABOUT_RETURN_TYPE = YES_ERROR;
				GCC_WARN_UNDECLARED_SELECTOR = YES;
				GCC_WARN_UNINITIALIZED_AUTOS = YES_AGGRESSIVE;
				GCC_WARN_UNUSED_FUNCTION = YES;
				GCC_WARN_UNUSED_VARIABLE = YES;
				IPHONEOS_DEPLOYMENT_TARGET = 10.2;
				MTL_ENABLE_DEBUG_INFO = YES;
				ONLY_ACTIVE_ARCH = YES;
				SDKROOT = iphoneos;
			};
			name = Debug;
		};
		D1BA486B1E9E265800B4DA26 /* Release */ = {
			isa = XCBuildConfiguration;
			buildSettings = {
				ALWAYS_SEARCH_USER_PATHS = NO;
				CLANG_ANALYZER_NONNULL = YES;
				CLANG_CXX_LANGUAGE_STANDARD = "gnu++0x";
				CLANG_CXX_LIBRARY = "libc++";
				CLANG_ENABLE_MODULES = YES;
				CLANG_ENABLE_OBJC_ARC = YES;
				CLANG_WARN_BOOL_CONVERSION = YES;
				CLANG_WARN_CONSTANT_CONVERSION = YES;
				CLANG_WARN_DIRECT_OBJC_ISA_USAGE = YES_ERROR;
				CLANG_WARN_DOCUMENTATION_COMMENTS = YES;
				CLANG_WARN_EMPTY_BODY = YES;
				CLANG_WARN_ENUM_CONVERSION = YES;
				CLANG_WARN_INFINITE_RECURSION = YES;
				CLANG_WARN_INT_CONVERSION = YES;
				CLANG_WARN_OBJC_ROOT_CLASS = YES_ERROR;
				CLANG_WARN_SUSPICIOUS_MOVE = YES;
				CLANG_WARN_UNREACHABLE_CODE = YES;
				CLANG_WARN__DUPLICATE_METHOD_MATCH = YES;
				"CODE_SIGN_IDENTITY[sdk=iphoneos*]" = "iPhone Developer";
				COPY_PHASE_STRIP = NO;
				DEBUG_INFORMATION_FORMAT = "dwarf-with-dsym";
				ENABLE_NS_ASSERTIONS = NO;
				ENABLE_STRICT_OBJC_MSGSEND = YES;
				GCC_C_LANGUAGE_STANDARD = gnu99;
				GCC_NO_COMMON_BLOCKS = YES;
				GCC_WARN_64_TO_32_BIT_CONVERSION = YES;
				GCC_WARN_ABOUT_RETURN_TYPE = YES_ERROR;
				GCC_WARN_UNDECLARED_SELECTOR = YES;
				GCC_WARN_UNINITIALIZED_AUTOS = YES_AGGRESSIVE;
				GCC_WARN_UNUSED_FUNCTION = YES;
				GCC_WARN_UNUSED_VARIABLE = YES;
				IPHONEOS_DEPLOYMENT_TARGET = 10.2;
				MTL_ENABLE_DEBUG_INFO = NO;
				SDKROOT = iphoneos;
				VALIDATE_PRODUCT = YES;
			};
			name = Release;
		};
		D1BA486D1E9E265800B4DA26 /* Debug */ = {
			isa = XCBuildConfiguration;
			baseConfigurationReference = F97011665520BF738C7A78F1 /* Pods-CXOCStudy.debug.xcconfig */;
			buildSettings = {
				ASSETCATALOG_COMPILER_APPICON_NAME = AppIcon;
				DEVELOPMENT_TEAM = 862YF45JD7;
				INFOPLIST_FILE = CXOCStudy/Info.plist;
				IPHONEOS_DEPLOYMENT_TARGET = 9.1;
				LD_RUNPATH_SEARCH_PATHS = "$(inherited) @executable_path/Frameworks";
				PRODUCT_BUNDLE_IDENTIFIER = CX.CXOCStudy;
				PRODUCT_NAME = "$(TARGET_NAME)";
			};
			name = Debug;
		};
		D1BA486E1E9E265800B4DA26 /* Release */ = {
			isa = XCBuildConfiguration;
			baseConfigurationReference = A23526A7598BFFBBAD79C41E /* Pods-CXOCStudy.release.xcconfig */;
			buildSettings = {
				ASSETCATALOG_COMPILER_APPICON_NAME = AppIcon;
				DEVELOPMENT_TEAM = 862YF45JD7;
				INFOPLIST_FILE = CXOCStudy/Info.plist;
				IPHONEOS_DEPLOYMENT_TARGET = 9.1;
				LD_RUNPATH_SEARCH_PATHS = "$(inherited) @executable_path/Frameworks";
				PRODUCT_BUNDLE_IDENTIFIER = CX.CXOCStudy;
				PRODUCT_NAME = "$(TARGET_NAME)";
			};
			name = Release;
		};
/* End XCBuildConfiguration section */

/* Begin XCConfigurationList section */
		D1BA48501E9E265800B4DA26 /* Build configuration list for PBXProject "CXOCStudy" */ = {
			isa = XCConfigurationList;
			buildConfigurations = (
				D1BA486A1E9E265800B4DA26 /* Debug */,
				D1BA486B1E9E265800B4DA26 /* Release */,
			);
			defaultConfigurationIsVisible = 0;
			defaultConfigurationName = Release;
		};
		D1BA486C1E9E265800B4DA26 /* Build configuration list for PBXNativeTarget "CXOCStudy" */ = {
			isa = XCConfigurationList;
			buildConfigurations = (
				D1BA486D1E9E265800B4DA26 /* Debug */,
				D1BA486E1E9E265800B4DA26 /* Release */,
			);
			defaultConfigurationIsVisible = 0;
			defaultConfigurationName = Release;
		};
/* End XCConfigurationList section */
	};
	rootObject = D1BA484D1E9E265800B4DA26 /* Project object */;
}
